// !$*UTF8*$!
{
	archiveVersion = 1;
	classes = {
	};
	objectVersion = 46;
	objects = {

/* Begin PBXBuildFile section */
		04E289421B2F10720073516B /* main.m in Sources */ = {isa = PBXBuildFile; fileRef = 04E289411B2F10720073516B /* main.m */; };
		04E289451B2F10720073516B /* AppDelegate.m in Sources */ = {isa = PBXBuildFile; fileRef = 04E289441B2F10720073516B /* AppDelegate.m */; };
		04E2894B1B2F10720073516B /* Main.storyboard in Resources */ = {isa = PBXBuildFile; fileRef = 04E289491B2F10720073516B /* Main.storyboard */; };
		04E2894D1B2F10720073516B /* Images.xcassets in Resources */ = {isa = PBXBuildFile; fileRef = 04E2894C1B2F10720073516B /* Images.xcassets */; };
		04E289501B2F10720073516B /* LaunchScreen.xib in Resources */ = {isa = PBXBuildFile; fileRef = 04E2894E1B2F10720073516B /* LaunchScreen.xib */; };
		04E2895C1B2F10720073516B /* SecretsTests.m in Sources */ = {isa = PBXBuildFile; fileRef = 04E2895B1B2F10720073516B /* SecretsTests.m */; };
		04E289691B2F13A50073516B /* FriendsTableViewController.m in Sources */ = {isa = PBXBuildFile; fileRef = 04E289661B2F13A50073516B /* FriendsTableViewController.m */; };
		04E2896A1B2F13A50073516B /* SearchTableViewController.m in Sources */ = {isa = PBXBuildFile; fileRef = 04E289681B2F13A50073516B /* SearchTableViewController.m */; };
		04E289771B2F14480073516B /* libsqlite3.dylib in Frameworks */ = {isa = PBXBuildFile; fileRef = 04E2896C1B2F14480073516B /* libsqlite3.dylib */; };
		04E289781B2F14480073516B /* libz.dylib in Frameworks */ = {isa = PBXBuildFile; fileRef = 04E2896D1B2F14480073516B /* libz.dylib */; };
		04E289791B2F14480073516B /* SystemConfiguration.framework in Frameworks */ = {isa = PBXBuildFile; fileRef = 04E2896E1B2F14480073516B /* SystemConfiguration.framework */; };
		04E2897A1B2F14480073516B /* StoreKit.framework in Frameworks */ = {isa = PBXBuildFile; fileRef = 04E2896F1B2F14480073516B /* StoreKit.framework */; };
		04E2897B1B2F14480073516B /* Security.framework in Frameworks */ = {isa = PBXBuildFile; fileRef = 04E289701B2F14480073516B /* Security.framework */; };
		04E2897C1B2F14480073516B /* QuartzCore.framework in Frameworks */ = {isa = PBXBuildFile; fileRef = 04E289711B2F14480073516B /* QuartzCore.framework */; };
		04E2897D1B2F14480073516B /* MobileCoreServices.framework in Frameworks */ = {isa = PBXBuildFile; fileRef = 04E289721B2F14480073516B /* MobileCoreServices.framework */; };
		04E2897E1B2F14480073516B /* CoreLocation.framework in Frameworks */ = {isa = PBXBuildFile; fileRef = 04E289731B2F14480073516B /* CoreLocation.framework */; };
		04E2897F1B2F14480073516B /* CoreGraphics.framework in Frameworks */ = {isa = PBXBuildFile; fileRef = 04E289741B2F14480073516B /* CoreGraphics.framework */; };
		04E289801B2F14480073516B /* CFNetwork.framework in Frameworks */ = {isa = PBXBuildFile; fileRef = 04E289751B2F14480073516B /* CFNetwork.framework */; };
		04E289811B2F14480073516B /* AudioToolbox.framework in Frameworks */ = {isa = PBXBuildFile; fileRef = 04E289761B2F14480073516B /* AudioToolbox.framework */; };
		04E289841B2F145C0073516B /* Bolts.framework in Frameworks */ = {isa = PBXBuildFile; fileRef = 04E289821B2F145C0073516B /* Bolts.framework */; };
		04E289851B2F145C0073516B /* Parse.framework in Frameworks */ = {isa = PBXBuildFile; fileRef = 04E289831B2F145C0073516B /* Parse.framework */; };
/* End PBXBuildFile section */

/* Begin PBXContainerItemProxy section */
		04E289561B2F10720073516B /* PBXContainerItemProxy */ = {
			isa = PBXContainerItemProxy;
			containerPortal = 04E289341B2F10720073516B /* Project object */;
			proxyType = 1;
			remoteGlobalIDString = 04E2893B1B2F10720073516B;
			remoteInfo = Secrets;
		};
/* End PBXContainerItemProxy section */

/* Begin PBXFileReference section */
		04E2893C1B2F10720073516B /* Secrets.app */ = {isa = PBXFileReference; explicitFileType = wrapper.application; includeInIndex = 0; path = Secrets.app; sourceTree = BUILT_PRODUCTS_DIR; };
		04E289401B2F10720073516B /* Info.plist */ = {isa = PBXFileReference; lastKnownFileType = text.plist.xml; path = Info.plist; sourceTree = "<group>"; };
		04E289411B2F10720073516B /* main.m */ = {isa = PBXFileReference; lastKnownFileType = sourcecode.c.objc; path = main.m; sourceTree = "<group>"; };
		04E289431B2F10720073516B /* AppDelegate.h */ = {isa = PBXFileReference; lastKnownFileType = sourcecode.c.h; path = AppDelegate.h; sourceTree = "<group>"; };
		04E289441B2F10720073516B /* AppDelegate.m */ = {isa = PBXFileReference; lastKnownFileType = sourcecode.c.objc; path = AppDelegate.m; sourceTree = "<group>"; };
		04E2894A1B2F10720073516B /* Base */ = {isa = PBXFileReference; lastKnownFileType = file.storyboard; name = Base; path = Base.lproj/Main.storyboard; sourceTree = "<group>"; };
		04E2894C1B2F10720073516B /* Images.xcassets */ = {isa = PBXFileReference; lastKnownFileType = folder.assetcatalog; path = Images.xcassets; sourceTree = "<group>"; };
		04E2894F1B2F10720073516B /* Base */ = {isa = PBXFileReference; lastKnownFileType = file.xib; name = Base; path = Base.lproj/LaunchScreen.xib; sourceTree = "<group>"; };
		04E289551B2F10720073516B /* SecretsTests.xctest */ = {isa = PBXFileReference; explicitFileType = wrapper.cfbundle; includeInIndex = 0; path = SecretsTests.xctest; sourceTree = BUILT_PRODUCTS_DIR; };
		04E2895A1B2F10720073516B /* Info.plist */ = {isa = PBXFileReference; lastKnownFileType = text.plist.xml; path = Info.plist; sourceTree = "<group>"; };
		04E2895B1B2F10720073516B /* SecretsTests.m */ = {isa = PBXFileReference; lastKnownFileType = sourcecode.c.objc; path = SecretsTests.m; sourceTree = "<group>"; };
		04E289651B2F13A50073516B /* FriendsTableViewController.h */ = {isa = PBXFileReference; fileEncoding = 4; lastKnownFileType = sourcecode.c.h; path = FriendsTableViewController.h; sourceTree = "<group>"; };
		04E289661B2F13A50073516B /* FriendsTableViewController.m */ = {isa = PBXFileReference; fileEncoding = 4; lastKnownFileType = sourcecode.c.objc; path = FriendsTableViewController.m; sourceTree = "<group>"; };
		04E289671B2F13A50073516B /* SearchTableViewController.h */ = {isa = PBXFileReference; fileEncoding = 4; lastKnownFileType = sourcecode.c.h; path = SearchTableViewController.h; sourceTree = "<group>"; };
		04E289681B2F13A50073516B /* SearchTableViewController.m */ = {isa = PBXFileReference; fileEncoding = 4; lastKnownFileType = sourcecode.c.objc; path = SearchTableViewController.m; sourceTree = "<group>"; };
		04E2896C1B2F14480073516B /* libsqlite3.dylib */ = {isa = PBXFileReference; lastKnownFileType = "compiled.mach-o.dylib"; name = libsqlite3.dylib; path = usr/lib/libsqlite3.dylib; sourceTree = SDKROOT; };
		04E2896D1B2F14480073516B /* libz.dylib */ = {isa = PBXFileReference; lastKnownFileType = "compiled.mach-o.dylib"; name = libz.dylib; path = usr/lib/libz.dylib; sourceTree = SDKROOT; };
		04E2896E1B2F14480073516B /* SystemConfiguration.framework */ = {isa = PBXFileReference; lastKnownFileType = wrapper.framework; name = SystemConfiguration.framework; path = System/Library/Frameworks/SystemConfiguration.framework; sourceTree = SDKROOT; };
		04E2896F1B2F14480073516B /* StoreKit.framework */ = {isa = PBXFileReference; lastKnownFileType = wrapper.framework; name = StoreKit.framework; path = System/Library/Frameworks/StoreKit.framework; sourceTree = SDKROOT; };
		04E289701B2F14480073516B /* Security.framework */ = {isa = PBXFileReference; lastKnownFileType = wrapper.framework; name = Security.framework; path = System/Library/Frameworks/Security.framework; sourceTree = SDKROOT; };
		04E289711B2F14480073516B /* QuartzCore.framework */ = {isa = PBXFileReference; lastKnownFileType = wrapper.framework; name = QuartzCore.framework; path = System/Library/Frameworks/QuartzCore.framework; sourceTree = SDKROOT; };
		04E289721B2F14480073516B /* MobileCoreServices.framework */ = {isa = PBXFileReference; lastKnownFileType = wrapper.framework; name = MobileCoreServices.framework; path = System/Library/Frameworks/MobileCoreServices.framework; sourceTree = SDKROOT; };
		04E289731B2F14480073516B /* CoreLocation.framework */ = {isa = PBXFileReference; lastKnownFileType = wrapper.framework; name = CoreLocation.framework; path = System/Library/Frameworks/CoreLocation.framework; sourceTree = SDKROOT; };
		04E289741B2F14480073516B /* CoreGraphics.framework */ = {isa = PBXFileReference; lastKnownFileType = wrapper.framework; name = CoreGraphics.framework; path = System/Library/Frameworks/CoreGraphics.framework; sourceTree = SDKROOT; };
		04E289751B2F14480073516B /* CFNetwork.framework */ = {isa = PBXFileReference; lastKnownFileType = wrapper.framework; name = CFNetwork.framework; path = System/Library/Frameworks/CFNetwork.framework; sourceTree = SDKROOT; };
		04E289761B2F14480073516B /* AudioToolbox.framework */ = {isa = PBXFileReference; lastKnownFileType = wrapper.framework; name = AudioToolbox.framework; path = System/Library/Frameworks/AudioToolbox.framework; sourceTree = SDKROOT; };
		04E289821B2F145C0073516B /* Bolts.framework */ = {isa = PBXFileReference; lastKnownFileType = wrapper.framework; name = Bolts.framework; path = ../../SlytherFrynds/SlytherFrynds/Bolts.framework; sourceTree = "<group>"; };
		04E289831B2F145C0073516B /* Parse.framework */ = {isa = PBXFileReference; lastKnownFileType = wrapper.framework; name = Parse.framework; path = ../../SlytherFrynds/SlytherFrynds/Parse.framework; sourceTree = "<group>"; };
/* End PBXFileReference section */

/* Begin PBXFrameworksBuildPhase section */
		04E289391B2F10720073516B /* Frameworks */ = {
			isa = PBXFrameworksBuildPhase;
			buildActionMask = 2147483647;
			files = (
				04E289771B2F14480073516B /* libsqlite3.dylib in Frameworks */,
				04E2897D1B2F14480073516B /* MobileCoreServices.framework in Frameworks */,
				04E2897B1B2F14480073516B /* Security.framework in Frameworks */,
				04E289841B2F145C0073516B /* Bolts.framework in Frameworks */,
				04E289811B2F14480073516B /* AudioToolbox.framework in Frameworks */,
				04E2897F1B2F14480073516B /* CoreGraphics.framework in Frameworks */,
				04E289851B2F145C0073516B /* Parse.framework in Frameworks */,
				04E289801B2F14480073516B /* CFNetwork.framework in Frameworks */,
				04E2897C1B2F14480073516B /* QuartzCore.framework in Frameworks */,
				04E2897E1B2F14480073516B /* CoreLocation.framework in Frameworks */,
				04E289791B2F14480073516B /* SystemConfiguration.framework in Frameworks */,
				04E289781B2F14480073516B /* libz.dylib in Frameworks */,
				04E2897A1B2F14480073516B /* StoreKit.framework in Frameworks */,
			);
			runOnlyForDeploymentPostprocessing = 0;
		};
		04E289521B2F10720073516B /* Frameworks */ = {
			isa = PBXFrameworksBuildPhase;
			buildActionMask = 2147483647;
			files = (
			);
			runOnlyForDeploymentPostprocessing = 0;
		};
/* End PBXFrameworksBuildPhase section */

/* Begin PBXGroup section */
		04E289331B2F10720073516B = {
			isa = PBXGroup;
			children = (
				04E2893E1B2F10720073516B /* Secrets */,
				04E289581B2F10720073516B /* SecretsTests */,
				04E2893D1B2F10720073516B /* Products */,
				04E2896B1B2F13D50073516B /* Frameworks */,
			);
			sourceTree = "<group>";
		};
		04E2893D1B2F10720073516B /* Products */ = {
			isa = PBXGroup;
			children = (
				04E2893C1B2F10720073516B /* Secrets.app */,
				04E289551B2F10720073516B /* SecretsTests.xctest */,
			);
			name = Products;
			sourceTree = "<group>";
		};
		04E2893E1B2F10720073516B /* Secrets */ = {
			isa = PBXGroup;
			children = (
				04E289651B2F13A50073516B /* FriendsTableViewController.h */,
				04E289661B2F13A50073516B /* FriendsTableViewController.m */,
				04E289671B2F13A50073516B /* SearchTableViewController.h */,
				04E289681B2F13A50073516B /* SearchTableViewController.m */,
				04E289431B2F10720073516B /* AppDelegate.h */,
				04E289441B2F10720073516B /* AppDelegate.m */,
				04E289491B2F10720073516B /* Main.storyboard */,
				04E2894C1B2F10720073516B /* Images.xcassets */,
				04E2894E1B2F10720073516B /* LaunchScreen.xib */,
				04E2893F1B2F10720073516B /* Supporting Files */,
			);
			path = Secrets;
			sourceTree = "<group>";
		};
		04E2893F1B2F10720073516B /* Supporting Files */ = {
			isa = PBXGroup;
			children = (
				04E289401B2F10720073516B /* Info.plist */,
				04E289411B2F10720073516B /* main.m */,
			);
			name = "Supporting Files";
			sourceTree = "<group>";
		};
		04E289581B2F10720073516B /* SecretsTests */ = {
			isa = PBXGroup;
			children = (
				04E2895B1B2F10720073516B /* SecretsTests.m */,
				04E289591B2F10720073516B /* Supporting Files */,
			);
			path = SecretsTests;
			sourceTree = "<group>";
		};
		04E289591B2F10720073516B /* Supporting Files */ = {
			isa = PBXGroup;
			children = (
				04E2895A1B2F10720073516B /* Info.plist */,
			);
			name = "Supporting Files";
			sourceTree = "<group>";
		};
		04E2896B1B2F13D50073516B /* Frameworks */ = {
			isa = PBXGroup;
			children = (
				04E2896C1B2F14480073516B /* libsqlite3.dylib */,
				04E2896D1B2F14480073516B /* libz.dylib */,
				04E289821B2F145C0073516B /* Bolts.framework */,
				04E289831B2F145C0073516B /* Parse.framework */,
				04E2896E1B2F14480073516B /* SystemConfiguration.framework */,
				04E2896F1B2F14480073516B /* StoreKit.framework */,
				04E289701B2F14480073516B /* Security.framework */,
				04E289711B2F14480073516B /* QuartzCore.framework */,
				04E289721B2F14480073516B /* MobileCoreServices.framework */,
				04E289731B2F14480073516B /* CoreLocation.framework */,
				04E289741B2F14480073516B /* CoreGraphics.framework */,
				04E289751B2F14480073516B /* CFNetwork.framework */,
				04E289761B2F14480073516B /* AudioToolbox.framework */,
			);
			name = Frameworks;
			path = Secrets.xcodeproj;
			sourceTree = "<group>";
		};
/* End PBXGroup section */

/* Begin PBXNativeTarget section */
		04E2893B1B2F10720073516B /* Secrets */ = {
			isa = PBXNativeTarget;
			buildConfigurationList = 04E2895F1B2F10720073516B /* Build configuration list for PBXNativeTarget "Secrets" */;
			buildPhases = (
				04E289381B2F10720073516B /* Sources */,
				04E289391B2F10720073516B /* Frameworks */,
				04E2893A1B2F10720073516B /* Resources */,
			);
			buildRules = (
			);
			dependencies = (
			);
			name = Secrets;
			productName = Secrets;
			productReference = 04E2893C1B2F10720073516B /* Secrets.app */;
			productType = "com.apple.product-type.application";
		};
		04E289541B2F10720073516B /* SecretsTests */ = {
			isa = PBXNativeTarget;
			buildConfigurationList = 04E289621B2F10720073516B /* Build configuration list for PBXNativeTarget "SecretsTests" */;
			buildPhases = (
				04E289511B2F10720073516B /* Sources */,
				04E289521B2F10720073516B /* Frameworks */,
				04E289531B2F10720073516B /* Resources */,
			);
			buildRules = (
			);
			dependencies = (
				04E289571B2F10720073516B /* PBXTargetDependency */,
			);
			name = SecretsTests;
			productName = SecretsTests;
			productReference = 04E289551B2F10720073516B /* SecretsTests.xctest */;
			productType = "com.apple.product-type.bundle.unit-test";
		};
/* End PBXNativeTarget section */

/* Begin PBXProject section */
		04E289341B2F10720073516B /* Project object */ = {
			isa = PBXProject;
			attributes = {
				LastUpgradeCheck = 0630;
				ORGANIZATIONNAME = "Shannon Armon";
				TargetAttributes = {
					04E2893B1B2F10720073516B = {
						CreatedOnToolsVersion = 6.3.1;
						DevelopmentTeam = YUM7RTQH92;
					};
					04E289541B2F10720073516B = {
						CreatedOnToolsVersion = 6.3.1;
						TestTargetID = 04E2893B1B2F10720073516B;
					};
				};
			};
			buildConfigurationList = 04E289371B2F10720073516B /* Build configuration list for PBXProject "Secrets" */;
			compatibilityVersion = "Xcode 3.2";
			developmentRegion = English;
			hasScannedForEncodings = 0;
			knownRegions = (
				en,
				Base,
			);
			mainGroup = 04E289331B2F10720073516B;
			productRefGroup = 04E2893D1B2F10720073516B /* Products */;
			projectDirPath = "";
			projectRoot = "";
			targets = (
				04E2893B1B2F10720073516B /* Secrets */,
				04E289541B2F10720073516B /* SecretsTests */,
			);
		};
/* End PBXProject section */

/* Begin PBXResourcesBuildPhase section */
		04E2893A1B2F10720073516B /* Resources */ = {
			isa = PBXResourcesBuildPhase;
			buildActionMask = 2147483647;
			files = (
				04E2894B1B2F10720073516B /* Main.storyboard in Resources */,
				04E289501B2F10720073516B /* LaunchScreen.xib in Resources */,
				04E2894D1B2F10720073516B /* Images.xcassets in Resources */,
			);
			runOnlyForDeploymentPostprocessing = 0;
		};
		04E289531B2F10720073516B /* Resources */ = {
			isa = PBXResourcesBuildPhase;
			buildActionMask = 2147483647;
			files = (
			);
			runOnlyForDeploymentPostprocessing = 0;
		};
/* End PBXResourcesBuildPhase section */

/* Begin PBXSourcesBuildPhase section */
		04E289381B2F10720073516B /* Sources */ = {
			isa = PBXSourcesBuildPhase;
			buildActionMask = 2147483647;
			files = (
				04E289691B2F13A50073516B /* FriendsTableViewController.m in Sources */,
				04E289451B2F10720073516B /* AppDelegate.m in Sources */,
				04E289421B2F10720073516B /* main.m in Sources */,
				04E2896A1B2F13A50073516B /* SearchTableViewController.m in Sources */,
			);
			runOnlyForDeploymentPostprocessing = 0;
		};
		04E289511B2F10720073516B /* Sources */ = {
			isa = PBXSourcesBuildPhase;
			buildActionMask = 2147483647;
			files = (
				04E2895C1B2F10720073516B /* SecretsTests.m in Sources */,
			);
			runOnlyForDeploymentPostprocessing = 0;
		};
/* End PBXSourcesBuildPhase section */

/* Begin PBXTargetDependency section */
		04E289571B2F10720073516B /* PBXTargetDependency */ = {
			isa = PBXTargetDependency;
			target = 04E2893B1B2F10720073516B /* Secrets */;
			targetProxy = 04E289561B2F10720073516B /* PBXContainerItemProxy */;
		};
/* End PBXTargetDependency section */

/* Begin PBXVariantGroup section */
		04E289491B2F10720073516B /* Main.storyboard */ = {
			isa = PBXVariantGroup;
			children = (
				04E2894A1B2F10720073516B /* Base */,
			);
			name = Main.storyboard;
			sourceTree = "<group>";
		};
		04E2894E1B2F10720073516B /* LaunchScreen.xib */ = {
			isa = PBXVariantGroup;
			children = (
				04E2894F1B2F10720073516B /* Base */,
			);
			name = LaunchScreen.xib;
			sourceTree = "<group>";
		};
/* End PBXVariantGroup section */

/* Begin XCBuildConfiguration section */
		04E2895D1B2F10720073516B /* Debug */ = {
			isa = XCBuildConfiguration;
			buildSettings = {
				ALWAYS_SEARCH_USER_PATHS = NO;
				CLANG_CXX_LANGUAGE_STANDARD = "gnu++0x";
				CLANG_CXX_LIBRARY = "libc++";
				CLANG_ENABLE_MODULES = YES;
				CLANG_ENABLE_OBJC_ARC = YES;
				CLANG_WARN_BOOL_CONVERSION = YES;
				CLANG_WARN_CONSTANT_CONVERSION = YES;
				CLANG_WARN_DIRECT_OBJC_ISA_USAGE = YES_ERROR;
				CLANG_WARN_EMPTY_BODY = YES;
				CLANG_WARN_ENUM_CONVERSION = YES;
				CLANG_WARN_INT_CONVERSION = YES;
				CLANG_WARN_OBJC_ROOT_CLASS = YES_ERROR;
				CLANG_WARN_UNREACHABLE_CODE = YES;
				CLANG_WARN__DUPLICATE_METHOD_MATCH = YES;
				"CODE_SIGN_IDENTITY[sdk=iphoneos*]" = "iPhone Developer";
				COPY_PHASE_STRIP = NO;
				DEBUG_INFORMATION_FORMAT = "dwarf-with-dsym";
				ENABLE_STRICT_OBJC_MSGSEND = YES;
				GCC_C_LANGUAGE_STANDARD = gnu99;
				GCC_DYNAMIC_NO_PIC = NO;
				GCC_NO_COMMON_BLOCKS = YES;
				GCC_OPTIMIZATION_LEVEL = 0;
				GCC_PREPROCESSOR_DEFINITIONS = (
					"DEBUG=1",
					"$(inherited)",
				);
				GCC_SYMBOLS_PRIVATE_EXTERN = NO;
				GCC_WARN_64_TO_32_BIT_CONVERSION = YES;
				GCC_WARN_ABOUT_RETURN_TYPE = YES_ERROR;
				GCC_WARN_UNDECLARED_SELECTOR = YES;
				GCC_WARN_UNINITIALIZED_AUTOS = YES_AGGRESSIVE;
				GCC_WARN_UNUSED_FUNCTION = YES;
				GCC_WARN_UNUSED_VARIABLE = YES;
				IPHONEOS_DEPLOYMENT_TARGET = 8.3;
				MTL_ENABLE_DEBUG_INFO = YES;
				ONLY_ACTIVE_ARCH = YES;
				SDKROOT = iphoneos;
			};
			name = Debug;
		};
		04E2895E1B2F10720073516B /* Release */ = {
			isa = XCBuildConfiguration;
			buildSettings = {
				ALWAYS_SEARCH_USER_PATHS = NO;
				CLANG_CXX_LANGUAGE_STANDARD = "gnu++0x";
				CLANG_CXX_LIBRARY = "libc++";
				CLANG_ENABLE_MODULES = YES;
				CLANG_ENABLE_OBJC_ARC = YES;
				CLANG_WARN_BOOL_CONVERSION = YES;
				CLANG_WARN_CONSTANT_CONVERSION = YES;
				CLANG_WARN_DIRECT_OBJC_ISA_USAGE = YES_ERROR;
				CLANG_WARN_EMPTY_BODY = YES;
				CLANG_WARN_ENUM_CONVERSION = YES;
				CLANG_WARN_INT_CONVERSION = YES;
				CLANG_WARN_OBJC_ROOT_CLASS = YES_ERROR;
				CLANG_WARN_UNREACHABLE_CODE = YES;
				CLANG_WARN__DUPLICATE_METHOD_MATCH = YES;
				"CODE_SIGN_IDENTITY[sdk=iphoneos*]" = "iPhone Developer";
				COPY_PHASE_STRIP = NO;
				DEBUG_INFORMATION_FORMAT = "dwarf-with-dsym";
				ENABLE_NS_ASSERTIONS = NO;
				ENABLE_STRICT_OBJC_MSGSEND = YES;
				GCC_C_LANGUAGE_STANDARD = gnu99;
				GCC_NO_COMMON_BLOCKS = YES;
				GCC_WARN_64_TO_32_BIT_CONVERSION = YES;
				GCC_WARN_ABOUT_RETURN_TYPE = YES_ERROR;
				GCC_WARN_UNDECLARED_SELECTOR = YES;
				GCC_WARN_UNINITIALIZED_AUTOS = YES_AGGRESSIVE;
				GCC_WARN_UNUSED_FUNCTION = YES;
				GCC_WARN_UNUSED_VARIABLE = YES;
				IPHONEOS_DEPLOYMENT_TARGET = 8.3;
				MTL_ENABLE_DEBUG_INFO = NO;
				SDKROOT = iphoneos;
				VALIDATE_PRODUCT = YES;
			};
			name = Release;
		};
		04E289601B2F10720073516B /* Debug */ = {
			isa = XCBuildConfiguration;
			buildSettings = {
				ASSETCATALOG_COMPILER_APPICON_NAME = AppIcon;
				CODE_SIGN_IDENTITY = "iPhone Developer";
				FRAMEWORK_SEARCH_PATHS = (
					"$(inherited)",
					/Users/mac/_github/SimpleApps/SlytherFrynds/SlytherFrynds,
				);
				INFOPLIST_FILE = Secrets/Info.plist;
				IPHONEOS_DEPLOYMENT_TARGET = 7.1;
				LD_RUNPATH_SEARCH_PATHS = "$(inherited) @executable_path/Frameworks";
				PRODUCT_NAME = "$(TARGET_NAME)";
			};
			name = Debug;
		};
		04E289611B2F10720073516B /* Release */ = {
			isa = XCBuildConfiguration;
			buildSettings = {
				ASSETCATALOG_COMPILER_APPICON_NAME = AppIcon;
				CODE_SIGN_IDENTITY = "iPhone Developer";
				FRAMEWORK_SEARCH_PATHS = (
					"$(inherited)",
					/Users/mac/_github/SimpleApps/SlytherFrynds/SlytherFrynds,
				);
				INFOPLIST_FILE = Secrets/Info.plist;
				IPHONEOS_DEPLOYMENT_TARGET = 7.1;
				LD_RUNPATH_SEARCH_PATHS = "$(inherited) @executable_path/Frameworks";
				PRODUCT_NAME = "$(TARGET_NAME)";
			};
			name = Release;
		};
		04E289631B2F10720073516B /* Debug */ = {
			isa = XCBuildConfiguration;
			buildSettings = {
				BUNDLE_LOADER = "$(TEST_HOST)";
				FRAMEWORK_SEARCH_PATHS = (
					"$(SDKROOT)/Developer/Library/Frameworks",
					"$(inherited)",
				);
				GCC_PREPROCESSOR_DEFINITIONS = (
					"DEBUG=1",
					"$(inherited)",
				);
				INFOPLIST_FILE = SecretsTests/Info.plist;
				LD_RUNPATH_SEARCH_PATHS = "$(inherited) @executable_path/Frameworks @loader_path/Frameworks";
				PRODUCT_NAME = "$(TARGET_NAME)";
				TEST_HOST = "$(BUILT_PRODUCTS_DIR)/Secrets.app/Secrets";
			};
			name = Debug;
		};
		04E289641B2F10720073516B /* Release */ = {
			isa = XCBuildConfiguration;
			buildSettings = {
				BUNDLE_LOADER = "$(TEST_HOST)";
				FRAMEWORK_SEARCH_PATHS = (
					"$(SDKROOT)/Developer/Library/Frameworks",
					"$(inherited)",
				);
				INFOPLIST_FILE = SecretsTests/Info.plist;
				LD_RUNPATH_SEARCH_PATHS = "$(inherited) @executable_path/Frameworks @loader_path/Frameworks";
				PRODUCT_NAME = "$(TARGET_NAME)";
				TEST_HOST = "$(BUILT_PRODUCTS_DIR)/Secrets.app/Secrets";
			};
			name = Release;
		};
/* End XCBuildConfiguration section */

/* Begin XCConfigurationList section */
		04E289371B2F10720073516B /* Build configuration list for PBXProject "Secrets" */ = {
			isa = XCConfigurationList;
			buildConfigurations = (
				04E2895D1B2F10720073516B /* Debug */,
				04E2895E1B2F10720073516B /* Release */,
			);
			defaultConfigurationIsVisible = 0;
			defaultConfigurationName = Release;
		};
		04E2895F1B2F10720073516B /* Build configuration list for PBXNativeTarget "Secrets" */ = {
			isa = XCConfigurationList;
			buildConfigurations = (
				04E289601B2F10720073516B /* Debug */,
				04E289611B2F10720073516B /* Release */,
			);
			defaultConfigurationIsVisible = 0;
		};
		04E289621B2F10720073516B /* Build configuration list for PBXNativeTarget "SecretsTests" */ = {
			isa = XCConfigurationList;
			buildConfigurations = (
				04E289631B2F10720073516B /* Debug */,
				04E289641B2F10720073516B /* Release */,
			);
			defaultConfigurationIsVisible = 0;
		};
/* End XCConfigurationList section */
	};
	rootObject = 04E289341B2F10720073516B /* Project object */;
}
