// !$*UTF8*$!
{
	archiveVersion = 1;
	classes = {
	};
	objectVersion = 46;
	objects = {

/* Begin PBXBuildFile section */
		04A817AD1B3075AB007861AA /* AppDelegate.swift in Sources */ = {isa = PBXBuildFile; fileRef = 04A817AC1B3075AB007861AA /* AppDelegate.swift */; };
		04A817AF1B3075AB007861AA /* ViewController.swift in Sources */ = {isa = PBXBuildFile; fileRef = 04A817AE1B3075AB007861AA /* ViewController.swift */; };
		04A817B21B3075AC007861AA /* Main.storyboard in Resources */ = {isa = PBXBuildFile; fileRef = 04A817B01B3075AC007861AA /* Main.storyboard */; };
		04A817B41B3075AC007861AA /* Images.xcassets in Resources */ = {isa = PBXBuildFile; fileRef = 04A817B31B3075AC007861AA /* Images.xcassets */; };
		04A817B71B3075AC007861AA /* LaunchScreen.xib in Resources */ = {isa = PBXBuildFile; fileRef = 04A817B51B3075AC007861AA /* LaunchScreen.xib */; };
		04A817C31B3075AC007861AA /* ReviewTests.swift in Sources */ = {isa = PBXBuildFile; fileRef = 04A817C21B3075AC007861AA /* ReviewTests.swift */; };
		04A817CD1B307819007861AA /* LoginStoryboard.storyboard in Resources */ = {isa = PBXBuildFile; fileRef = 04A817CC1B307819007861AA /* LoginStoryboard.storyboard */; };
		04A817CF1B307B89007861AA /* Random.swift in Sources */ = {isa = PBXBuildFile; fileRef = 04A817CE1B307B89007861AA /* Random.swift */; };
/* End PBXBuildFile section */

/* Begin PBXContainerItemProxy section */
		04A817BD1B3075AC007861AA /* PBXContainerItemProxy */ = {
			isa = PBXContainerItemProxy;
			containerPortal = 04A8179F1B3075AB007861AA /* Project object */;
			proxyType = 1;
			remoteGlobalIDString = 04A817A61B3075AB007861AA;
			remoteInfo = Review;
		};
/* End PBXContainerItemProxy section */

/* Begin PBXFileReference section */
		04A817A71B3075AB007861AA /* Review.app */ = {isa = PBXFileReference; explicitFileType = wrapper.application; includeInIndex = 0; path = Review.app; sourceTree = BUILT_PRODUCTS_DIR; };
		04A817AB1B3075AB007861AA /* Info.plist */ = {isa = PBXFileReference; lastKnownFileType = text.plist.xml; path = Info.plist; sourceTree = "<group>"; };
		04A817AC1B3075AB007861AA /* AppDelegate.swift */ = {isa = PBXFileReference; lastKnownFileType = sourcecode.swift; path = AppDelegate.swift; sourceTree = "<group>"; };
		04A817AE1B3075AB007861AA /* ViewController.swift */ = {isa = PBXFileReference; lastKnownFileType = sourcecode.swift; path = ViewController.swift; sourceTree = "<group>"; };
		04A817B11B3075AC007861AA /* Base */ = {isa = PBXFileReference; lastKnownFileType = file.storyboard; name = Base; path = Base.lproj/Main.storyboard; sourceTree = "<group>"; };
		04A817B31B3075AC007861AA /* Images.xcassets */ = {isa = PBXFileReference; lastKnownFileType = folder.assetcatalog; path = Images.xcassets; sourceTree = "<group>"; };
		04A817B61B3075AC007861AA /* Base */ = {isa = PBXFileReference; lastKnownFileType = file.xib; name = Base; path = Base.lproj/LaunchScreen.xib; sourceTree = "<group>"; };
		04A817BC1B3075AC007861AA /* ReviewTests.xctest */ = {isa = PBXFileReference; explicitFileType = wrapper.cfbundle; includeInIndex = 0; path = ReviewTests.xctest; sourceTree = BUILT_PRODUCTS_DIR; };
		04A817C11B3075AC007861AA /* Info.plist */ = {isa = PBXFileReference; lastKnownFileType = text.plist.xml; path = Info.plist; sourceTree = "<group>"; };
		04A817C21B3075AC007861AA /* ReviewTests.swift */ = {isa = PBXFileReference; lastKnownFileType = sourcecode.swift; path = ReviewTests.swift; sourceTree = "<group>"; };
		04A817CC1B307819007861AA /* LoginStoryboard.storyboard */ = {isa = PBXFileReference; fileEncoding = 4; lastKnownFileType = file.storyboard; path = LoginStoryboard.storyboard; sourceTree = "<group>"; };
		04A817CE1B307B89007861AA /* Random.swift */ = {isa = PBXFileReference; fileEncoding = 4; lastKnownFileType = sourcecode.swift; path = Random.swift; sourceTree = "<group>"; };
		04A817D01B307CF3007861AA /* Fun.playground */ = {isa = PBXFileReference; lastKnownFileType = file.playground; path = Fun.playground; sourceTree = "<group>"; };
/* End PBXFileReference section */

/* Begin PBXFrameworksBuildPhase section */
		04A817A41B3075AB007861AA /* Frameworks */ = {
			isa = PBXFrameworksBuildPhase;
			buildActionMask = 2147483647;
			files = (
			);
			runOnlyForDeploymentPostprocessing = 0;
		};
		04A817B91B3075AC007861AA /* Frameworks */ = {
			isa = PBXFrameworksBuildPhase;
			buildActionMask = 2147483647;
			files = (
			);
			runOnlyForDeploymentPostprocessing = 0;
		};
/* End PBXFrameworksBuildPhase section */

/* Begin PBXGroup section */
		04A8179E1B3075AB007861AA = {
			isa = PBXGroup;
			children = (
				04A817A91B3075AB007861AA /* Review */,
				04A817BF1B3075AC007861AA /* ReviewTests */,
				04A817A81B3075AB007861AA /* Products */,
			);
			sourceTree = "<group>";
		};
		04A817A81B3075AB007861AA /* Products */ = {
			isa = PBXGroup;
			children = (
				04A817A71B3075AB007861AA /* Review.app */,
				04A817BC1B3075AC007861AA /* ReviewTests.xctest */,
			);
			name = Products;
			sourceTree = "<group>";
		};
		04A817A91B3075AB007861AA /* Review */ = {
			isa = PBXGroup;
			children = (
				04A817AC1B3075AB007861AA /* AppDelegate.swift */,
				04A817AE1B3075AB007861AA /* ViewController.swift */,
				04A817D01B307CF3007861AA /* Fun.playground */,
				04A817CC1B307819007861AA /* LoginStoryboard.storyboard */,
				04A817B01B3075AC007861AA /* Main.storyboard */,
				04A817B31B3075AC007861AA /* Images.xcassets */,
				04A817B51B3075AC007861AA /* LaunchScreen.xib */,
				04A817AA1B3075AB007861AA /* Supporting Files */,
				04A817CE1B307B89007861AA /* Random.swift */,
			);
			path = Review;
			sourceTree = "<group>";
		};
		04A817AA1B3075AB007861AA /* Supporting Files */ = {
			isa = PBXGroup;
			children = (
				04A817AB1B3075AB007861AA /* Info.plist */,
			);
			name = "Supporting Files";
			sourceTree = "<group>";
		};
		04A817BF1B3075AC007861AA /* ReviewTests */ = {
			isa = PBXGroup;
			children = (
				04A817C21B3075AC007861AA /* ReviewTests.swift */,
				04A817C01B3075AC007861AA /* Supporting Files */,
			);
			path = ReviewTests;
			sourceTree = "<group>";
		};
		04A817C01B3075AC007861AA /* Supporting Files */ = {
			isa = PBXGroup;
			children = (
				04A817C11B3075AC007861AA /* Info.plist */,
			);
			name = "Supporting Files";
			sourceTree = "<group>";
		};
/* End PBXGroup section */

/* Begin PBXNativeTarget section */
		04A817A61B3075AB007861AA /* Review */ = {
			isa = PBXNativeTarget;
			buildConfigurationList = 04A817C61B3075AC007861AA /* Build configuration list for PBXNativeTarget "Review" */;
			buildPhases = (
				04A817A31B3075AB007861AA /* Sources */,
				04A817A41B3075AB007861AA /* Frameworks */,
				04A817A51B3075AB007861AA /* Resources */,
			);
			buildRules = (
			);
			dependencies = (
			);
			name = Review;
			productName = Review;
			productReference = 04A817A71B3075AB007861AA /* Review.app */;
			productType = "com.apple.product-type.application";
		};
		04A817BB1B3075AC007861AA /* ReviewTests */ = {
			isa = PBXNativeTarget;
			buildConfigurationList = 04A817C91B3075AC007861AA /* Build configuration list for PBXNativeTarget "ReviewTests" */;
			buildPhases = (
				04A817B81B3075AC007861AA /* Sources */,
				04A817B91B3075AC007861AA /* Frameworks */,
				04A817BA1B3075AC007861AA /* Resources */,
			);
			buildRules = (
			);
			dependencies = (
				04A817BE1B3075AC007861AA /* PBXTargetDependency */,
			);
			name = ReviewTests;
			productName = ReviewTests;
			productReference = 04A817BC1B3075AC007861AA /* ReviewTests.xctest */;
			productType = "com.apple.product-type.bundle.unit-test";
		};
/* End PBXNativeTarget section */

/* Begin PBXProject section */
		04A8179F1B3075AB007861AA /* Project object */ = {
			isa = PBXProject;
			attributes = {
				LastUpgradeCheck = 0630;
				ORGANIZATIONNAME = "Shannon Armon";
				TargetAttributes = {
					04A817A61B3075AB007861AA = {
						CreatedOnToolsVersion = 6.3.1;
					};
					04A817BB1B3075AC007861AA = {
						CreatedOnToolsVersion = 6.3.1;
						TestTargetID = 04A817A61B3075AB007861AA;
					};
				};
			};
			buildConfigurationList = 04A817A21B3075AB007861AA /* Build configuration list for PBXProject "Review" */;
			compatibilityVersion = "Xcode 3.2";
			developmentRegion = English;
			hasScannedForEncodings = 0;
			knownRegions = (
				en,
				Base,
			);
			mainGroup = 04A8179E1B3075AB007861AA;
			productRefGroup = 04A817A81B3075AB007861AA /* Products */;
			projectDirPath = "";
			projectRoot = "";
			targets = (
				04A817A61B3075AB007861AA /* Review */,
				04A817BB1B3075AC007861AA /* ReviewTests */,
			);
		};
/* End PBXProject section */

/* Begin PBXResourcesBuildPhase section */
		04A817A51B3075AB007861AA /* Resources */ = {
			isa = PBXResourcesBuildPhase;
			buildActionMask = 2147483647;
			files = (
				04A817B21B3075AC007861AA /* Main.storyboard in Resources */,
				04A817B71B3075AC007861AA /* LaunchScreen.xib in Resources */,
				04A817B41B3075AC007861AA /* Images.xcassets in Resources */,
				04A817CD1B307819007861AA /* LoginStoryboard.storyboard in Resources */,
			);
			runOnlyForDeploymentPostprocessing = 0;
		};
		04A817BA1B3075AC007861AA /* Resources */ = {
			isa = PBXResourcesBuildPhase;
			buildActionMask = 2147483647;
			files = (
			);
			runOnlyForDeploymentPostprocessing = 0;
		};
/* End PBXResourcesBuildPhase section */

/* Begin PBXSourcesBuildPhase section */
		04A817A31B3075AB007861AA /* Sources */ = {
			isa = PBXSourcesBuildPhase;
			buildActionMask = 2147483647;
			files = (
				04A817AF1B3075AB007861AA /* ViewController.swift in Sources */,
				04A817AD1B3075AB007861AA /* AppDelegate.swift in Sources */,
				04A817CF1B307B89007861AA /* Random.swift in Sources */,
			);
			runOnlyForDeploymentPostprocessing = 0;
		};
		04A817B81B3075AC007861AA /* Sources */ = {
			isa = PBXSourcesBuildPhase;
			buildActionMask = 2147483647;
			files = (
				04A817C31B3075AC007861AA /* ReviewTests.swift in Sources */,
			);
			runOnlyForDeploymentPostprocessing = 0;
		};
/* End PBXSourcesBuildPhase section */

/* Begin PBXTargetDependency section */
		04A817BE1B3075AC007861AA /* PBXTargetDependency */ = {
			isa = PBXTargetDependency;
			target = 04A817A61B3075AB007861AA /* Review */;
			targetProxy = 04A817BD1B3075AC007861AA /* PBXContainerItemProxy */;
		};
/* End PBXTargetDependency section */

/* Begin PBXVariantGroup section */
		04A817B01B3075AC007861AA /* Main.storyboard */ = {
			isa = PBXVariantGroup;
			children = (
				04A817B11B3075AC007861AA /* Base */,
			);
			name = Main.storyboard;
			sourceTree = "<group>";
		};
		04A817B51B3075AC007861AA /* LaunchScreen.xib */ = {
			isa = PBXVariantGroup;
			children = (
				04A817B61B3075AC007861AA /* Base */,
			);
			name = LaunchScreen.xib;
			sourceTree = "<group>";
		};
/* End PBXVariantGroup section */

/* Begin XCBuildConfiguration section */
		04A817C41B3075AC007861AA /* Debug */ = {
			isa = XCBuildConfiguration;
			buildSettings = {
				ALWAYS_SEARCH_USER_PATHS = NO;
				CLANG_CXX_LANGUAGE_STANDARD = "gnu++0x";
				CLANG_CXX_LIBRARY = "libc++";
				CLANG_ENABLE_MODULES = YES;
				CLANG_ENABLE_OBJC_ARC = YES;
				CLANG_WARN_BOOL_CONVERSION = YES;
				CLANG_WARN_CONSTANT_CONVERSION = YES;
				CLANG_WARN_DIRECT_OBJC_ISA_USAGE = YES_ERROR;
				CLANG_WARN_EMPTY_BODY = YES;
				CLANG_WARN_ENUM_CONVERSION = YES;
				CLANG_WARN_INT_CONVERSION = YES;
				CLANG_WARN_OBJC_ROOT_CLASS = YES_ERROR;
				CLANG_WARN_UNREACHABLE_CODE = YES;
				CLANG_WARN__DUPLICATE_METHOD_MATCH = YES;
				"CODE_SIGN_IDENTITY[sdk=iphoneos*]" = "iPhone Developer";
				COPY_PHASE_STRIP = NO;
				DEBUG_INFORMATION_FORMAT = "dwarf-with-dsym";
				ENABLE_STRICT_OBJC_MSGSEND = YES;
				GCC_C_LANGUAGE_STANDARD = gnu99;
				GCC_DYNAMIC_NO_PIC = NO;
				GCC_NO_COMMON_BLOCKS = YES;
				GCC_OPTIMIZATION_LEVEL = 0;
				GCC_PREPROCESSOR_DEFINITIONS = (
					"DEBUG=1",
					"$(inherited)",
				);
				GCC_SYMBOLS_PRIVATE_EXTERN = NO;
				GCC_WARN_64_TO_32_BIT_CONVERSION = YES;
				GCC_WARN_ABOUT_RETURN_TYPE = YES_ERROR;
				GCC_WARN_UNDECLARED_SELECTOR = YES;
				GCC_WARN_UNINITIALIZED_AUTOS = YES_AGGRESSIVE;
				GCC_WARN_UNUSED_FUNCTION = YES;
				GCC_WARN_UNUSED_VARIABLE = YES;
				IPHONEOS_DEPLOYMENT_TARGET = 8.3;
				MTL_ENABLE_DEBUG_INFO = YES;
				ONLY_ACTIVE_ARCH = YES;
				SDKROOT = iphoneos;
				SWIFT_OPTIMIZATION_LEVEL = "-Onone";
			};
			name = Debug;
		};
		04A817C51B3075AC007861AA /* Release */ = {
			isa = XCBuildConfiguration;
			buildSettings = {
				ALWAYS_SEARCH_USER_PATHS = NO;
				CLANG_CXX_LANGUAGE_STANDARD = "gnu++0x";
				CLANG_CXX_LIBRARY = "libc++";
				CLANG_ENABLE_MODULES = YES;
				CLANG_ENABLE_OBJC_ARC = YES;
				CLANG_WARN_BOOL_CONVERSION = YES;
				CLANG_WARN_CONSTANT_CONVERSION = YES;
				CLANG_WARN_DIRECT_OBJC_ISA_USAGE = YES_ERROR;
				CLANG_WARN_EMPTY_BODY = YES;
				CLANG_WARN_ENUM_CONVERSION = YES;
				CLANG_WARN_INT_CONVERSION = YES;
				CLANG_WARN_OBJC_ROOT_CLASS = YES_ERROR;
				CLANG_WARN_UNREACHABLE_CODE = YES;
				CLANG_WARN__DUPLICATE_METHOD_MATCH = YES;
				"CODE_SIGN_IDENTITY[sdk=iphoneos*]" = "iPhone Developer";
				COPY_PHASE_STRIP = NO;
				DEBUG_INFORMATION_FORMAT = "dwarf-with-dsym";
				ENABLE_NS_ASSERTIONS = NO;
				ENABLE_STRICT_OBJC_MSGSEND = YES;
				GCC_C_LANGUAGE_STANDARD = gnu99;
				GCC_NO_COMMON_BLOCKS = YES;
				GCC_WARN_64_TO_32_BIT_CONVERSION = YES;
				GCC_WARN_ABOUT_RETURN_TYPE = YES_ERROR;
				GCC_WARN_UNDECLARED_SELECTOR = YES;
				GCC_WARN_UNINITIALIZED_AUTOS = YES_AGGRESSIVE;
				GCC_WARN_UNUSED_FUNCTION = YES;
				GCC_WARN_UNUSED_VARIABLE = YES;
				IPHONEOS_DEPLOYMENT_TARGET = 8.3;
				MTL_ENABLE_DEBUG_INFO = NO;
				SDKROOT = iphoneos;
				VALIDATE_PRODUCT = YES;
			};
			name = Release;
		};
		04A817C71B3075AC007861AA /* Debug */ = {
			isa = XCBuildConfiguration;
			buildSettings = {
				ASSETCATALOG_COMPILER_APPICON_NAME = AppIcon;
				INFOPLIST_FILE = Review/Info.plist;
				LD_RUNPATH_SEARCH_PATHS = "$(inherited) @executable_path/Frameworks";
				PRODUCT_NAME = "$(TARGET_NAME)";
			};
			name = Debug;
		};
		04A817C81B3075AC007861AA /* Release */ = {
			isa = XCBuildConfiguration;
			buildSettings = {
				ASSETCATALOG_COMPILER_APPICON_NAME = AppIcon;
				INFOPLIST_FILE = Review/Info.plist;
				LD_RUNPATH_SEARCH_PATHS = "$(inherited) @executable_path/Frameworks";
				PRODUCT_NAME = "$(TARGET_NAME)";
			};
			name = Release;
		};
		04A817CA1B3075AC007861AA /* Debug */ = {
			isa = XCBuildConfiguration;
			buildSettings = {
				BUNDLE_LOADER = "$(TEST_HOST)";
				FRAMEWORK_SEARCH_PATHS = (
					"$(SDKROOT)/Developer/Library/Frameworks",
					"$(inherited)",
				);
				GCC_PREPROCESSOR_DEFINITIONS = (
					"DEBUG=1",
					"$(inherited)",
				);
				INFOPLIST_FILE = ReviewTests/Info.plist;
				LD_RUNPATH_SEARCH_PATHS = "$(inherited) @executable_path/Frameworks @loader_path/Frameworks";
				PRODUCT_NAME = "$(TARGET_NAME)";
				TEST_HOST = "$(BUILT_PRODUCTS_DIR)/Review.app/Review";
			};
			name = Debug;
		};
		04A817CB1B3075AC007861AA /* Release */ = {
			isa = XCBuildConfiguration;
			buildSettings = {
				BUNDLE_LOADER = "$(TEST_HOST)";
				FRAMEWORK_SEARCH_PATHS = (
					"$(SDKROOT)/Developer/Library/Frameworks",
					"$(inherited)",
				);
				INFOPLIST_FILE = ReviewTests/Info.plist;
				LD_RUNPATH_SEARCH_PATHS = "$(inherited) @executable_path/Frameworks @loader_path/Frameworks";
				PRODUCT_NAME = "$(TARGET_NAME)";
				TEST_HOST = "$(BUILT_PRODUCTS_DIR)/Review.app/Review";
			};
			name = Release;
		};
/* End XCBuildConfiguration section */

/* Begin XCConfigurationList section */
		04A817A21B3075AB007861AA /* Build configuration list for PBXProject "Review" */ = {
			isa = XCConfigurationList;
			buildConfigurations = (
				04A817C41B3075AC007861AA /* Debug */,
				04A817C51B3075AC007861AA /* Release */,
			);
			defaultConfigurationIsVisible = 0;
			defaultConfigurationName = Release;
		};
		04A817C61B3075AC007861AA /* Build configuration list for PBXNativeTarget "Review" */ = {
			isa = XCConfigurationList;
			buildConfigurations = (
				04A817C71B3075AC007861AA /* Debug */,
				04A817C81B3075AC007861AA /* Release */,
			);
			defaultConfigurationIsVisible = 0;
			defaultConfigurationName = Release;
		};
		04A817C91B3075AC007861AA /* Build configuration list for PBXNativeTarget "ReviewTests" */ = {
			isa = XCConfigurationList;
			buildConfigurations = (
				04A817CA1B3075AC007861AA /* Debug */,
				04A817CB1B3075AC007861AA /* Release */,
			);
			defaultConfigurationIsVisible = 0;
			defaultConfigurationName = Release;
		};
/* End XCConfigurationList section */
	};
	rootObject = 04A8179F1B3075AB007861AA /* Project object */;
}
