// !$*UTF8*$!
{
	archiveVersion = 1;
	classes = {
	};
	objectVersion = 46;
	objects = {

/* Begin PBXBuildFile section */
		0428E88E1B169A510068A6A6 /* AppDelegate.swift in Sources */ = {isa = PBXBuildFile; fileRef = 0428E88D1B169A510068A6A6 /* AppDelegate.swift */; };
		0428E8931B169A510068A6A6 /* Main.storyboard in Resources */ = {isa = PBXBuildFile; fileRef = 0428E8911B169A510068A6A6 /* Main.storyboard */; };
		0428E8951B169A510068A6A6 /* Images.xcassets in Resources */ = {isa = PBXBuildFile; fileRef = 0428E8941B169A510068A6A6 /* Images.xcassets */; };
		0428E8981B169A510068A6A6 /* LaunchScreen.xib in Resources */ = {isa = PBXBuildFile; fileRef = 0428E8961B169A510068A6A6 /* LaunchScreen.xib */; };
		0428E8A41B169A510068A6A6 /* ImagesTests.swift in Sources */ = {isa = PBXBuildFile; fileRef = 0428E8A31B169A510068A6A6 /* ImagesTests.swift */; };
/* End PBXBuildFile section */

/* Begin PBXContainerItemProxy section */
		0428E89E1B169A510068A6A6 /* PBXContainerItemProxy */ = {
			isa = PBXContainerItemProxy;
			containerPortal = 0428E8801B169A510068A6A6 /* Project object */;
			proxyType = 1;
			remoteGlobalIDString = 0428E8871B169A510068A6A6;
			remoteInfo = Images;
		};
/* End PBXContainerItemProxy section */

/* Begin PBXFileReference section */
		0428E8881B169A510068A6A6 /* Images.app */ = {isa = PBXFileReference; explicitFileType = wrapper.application; includeInIndex = 0; path = Images.app; sourceTree = BUILT_PRODUCTS_DIR; };
		0428E88C1B169A510068A6A6 /* Info.plist */ = {isa = PBXFileReference; lastKnownFileType = text.plist.xml; path = Info.plist; sourceTree = "<group>"; };
		0428E88D1B169A510068A6A6 /* AppDelegate.swift */ = {isa = PBXFileReference; lastKnownFileType = sourcecode.swift; path = AppDelegate.swift; sourceTree = "<group>"; };
		0428E8921B169A510068A6A6 /* Base */ = {isa = PBXFileReference; lastKnownFileType = file.storyboard; name = Base; path = Base.lproj/Main.storyboard; sourceTree = "<group>"; };
		0428E8941B169A510068A6A6 /* Images.xcassets */ = {isa = PBXFileReference; lastKnownFileType = folder.assetcatalog; path = Images.xcassets; sourceTree = "<group>"; };
		0428E8971B169A510068A6A6 /* Base */ = {isa = PBXFileReference; lastKnownFileType = file.xib; name = Base; path = Base.lproj/LaunchScreen.xib; sourceTree = "<group>"; };
		0428E89D1B169A510068A6A6 /* ImagesTests.xctest */ = {isa = PBXFileReference; explicitFileType = wrapper.cfbundle; includeInIndex = 0; path = ImagesTests.xctest; sourceTree = BUILT_PRODUCTS_DIR; };
		0428E8A21B169A510068A6A6 /* Info.plist */ = {isa = PBXFileReference; lastKnownFileType = text.plist.xml; path = Info.plist; sourceTree = "<group>"; };
		0428E8A31B169A510068A6A6 /* ImagesTests.swift */ = {isa = PBXFileReference; lastKnownFileType = sourcecode.swift; path = ImagesTests.swift; sourceTree = "<group>"; };
/* End PBXFileReference section */

/* Begin PBXFrameworksBuildPhase section */
		0428E8851B169A510068A6A6 /* Frameworks */ = {
			isa = PBXFrameworksBuildPhase;
			buildActionMask = 2147483647;
			files = (
			);
			runOnlyForDeploymentPostprocessing = 0;
		};
		0428E89A1B169A510068A6A6 /* Frameworks */ = {
			isa = PBXFrameworksBuildPhase;
			buildActionMask = 2147483647;
			files = (
			);
			runOnlyForDeploymentPostprocessing = 0;
		};
/* End PBXFrameworksBuildPhase section */

/* Begin PBXGroup section */
		0428E87F1B169A510068A6A6 = {
			isa = PBXGroup;
			children = (
				0428E88A1B169A510068A6A6 /* Images */,
				0428E8A01B169A510068A6A6 /* ImagesTests */,
				0428E8891B169A510068A6A6 /* Products */,
			);
			sourceTree = "<group>";
		};
		0428E8891B169A510068A6A6 /* Products */ = {
			isa = PBXGroup;
			children = (
				0428E8881B169A510068A6A6 /* Images.app */,
				0428E89D1B169A510068A6A6 /* ImagesTests.xctest */,
			);
			name = Products;
			sourceTree = "<group>";
		};
		0428E88A1B169A510068A6A6 /* Images */ = {
			isa = PBXGroup;
			children = (
				0428E88D1B169A510068A6A6 /* AppDelegate.swift */,
				0428E8911B169A510068A6A6 /* Main.storyboard */,
				0428E8941B169A510068A6A6 /* Images.xcassets */,
				0428E8961B169A510068A6A6 /* LaunchScreen.xib */,
				0428E88B1B169A510068A6A6 /* Supporting Files */,
			);
			path = Images;
			sourceTree = "<group>";
		};
		0428E88B1B169A510068A6A6 /* Supporting Files */ = {
			isa = PBXGroup;
			children = (
				0428E88C1B169A510068A6A6 /* Info.plist */,
			);
			name = "Supporting Files";
			sourceTree = "<group>";
		};
		0428E8A01B169A510068A6A6 /* ImagesTests */ = {
			isa = PBXGroup;
			children = (
				0428E8A31B169A510068A6A6 /* ImagesTests.swift */,
				0428E8A11B169A510068A6A6 /* Supporting Files */,
			);
			path = ImagesTests;
			sourceTree = "<group>";
		};
		0428E8A11B169A510068A6A6 /* Supporting Files */ = {
			isa = PBXGroup;
			children = (
				0428E8A21B169A510068A6A6 /* Info.plist */,
			);
			name = "Supporting Files";
			sourceTree = "<group>";
		};
/* End PBXGroup section */

/* Begin PBXNativeTarget section */
		0428E8871B169A510068A6A6 /* Images */ = {
			isa = PBXNativeTarget;
			buildConfigurationList = 0428E8A71B169A510068A6A6 /* Build configuration list for PBXNativeTarget "Images" */;
			buildPhases = (
				0428E8841B169A510068A6A6 /* Sources */,
				0428E8851B169A510068A6A6 /* Frameworks */,
				0428E8861B169A510068A6A6 /* Resources */,
			);
			buildRules = (
			);
			dependencies = (
			);
			name = Images;
			productName = Images;
			productReference = 0428E8881B169A510068A6A6 /* Images.app */;
			productType = "com.apple.product-type.application";
		};
		0428E89C1B169A510068A6A6 /* ImagesTests */ = {
			isa = PBXNativeTarget;
			buildConfigurationList = 0428E8AA1B169A510068A6A6 /* Build configuration list for PBXNativeTarget "ImagesTests" */;
			buildPhases = (
				0428E8991B169A510068A6A6 /* Sources */,
				0428E89A1B169A510068A6A6 /* Frameworks */,
				0428E89B1B169A510068A6A6 /* Resources */,
			);
			buildRules = (
			);
			dependencies = (
				0428E89F1B169A510068A6A6 /* PBXTargetDependency */,
			);
			name = ImagesTests;
			productName = ImagesTests;
			productReference = 0428E89D1B169A510068A6A6 /* ImagesTests.xctest */;
			productType = "com.apple.product-type.bundle.unit-test";
		};
/* End PBXNativeTarget section */

/* Begin PBXProject section */
		0428E8801B169A510068A6A6 /* Project object */ = {
			isa = PBXProject;
			attributes = {
				LastUpgradeCheck = 0630;
				ORGANIZATIONNAME = "Shannon Armon";
				TargetAttributes = {
					0428E8871B169A510068A6A6 = {
						CreatedOnToolsVersion = 6.3.1;
					};
					0428E89C1B169A510068A6A6 = {
						CreatedOnToolsVersion = 6.3.1;
						TestTargetID = 0428E8871B169A510068A6A6;
					};
				};
			};
			buildConfigurationList = 0428E8831B169A510068A6A6 /* Build configuration list for PBXProject "Images" */;
			compatibilityVersion = "Xcode 3.2";
			developmentRegion = English;
			hasScannedForEncodings = 0;
			knownRegions = (
				en,
				Base,
			);
			mainGroup = 0428E87F1B169A510068A6A6;
			productRefGroup = 0428E8891B169A510068A6A6 /* Products */;
			projectDirPath = "";
			projectRoot = "";
			targets = (
				0428E8871B169A510068A6A6 /* Images */,
				0428E89C1B169A510068A6A6 /* ImagesTests */,
			);
		};
/* End PBXProject section */

/* Begin PBXResourcesBuildPhase section */
		0428E8861B169A510068A6A6 /* Resources */ = {
			isa = PBXResourcesBuildPhase;
			buildActionMask = 2147483647;
			files = (
				0428E8931B169A510068A6A6 /* Main.storyboard in Resources */,
				0428E8981B169A510068A6A6 /* LaunchScreen.xib in Resources */,
				0428E8951B169A510068A6A6 /* Images.xcassets in Resources */,
			);
			runOnlyForDeploymentPostprocessing = 0;
		};
		0428E89B1B169A510068A6A6 /* Resources */ = {
			isa = PBXResourcesBuildPhase;
			buildActionMask = 2147483647;
			files = (
			);
			runOnlyForDeploymentPostprocessing = 0;
		};
/* End PBXResourcesBuildPhase section */

/* Begin PBXSourcesBuildPhase section */
		0428E8841B169A510068A6A6 /* Sources */ = {
			isa = PBXSourcesBuildPhase;
			buildActionMask = 2147483647;
			files = (
				0428E88E1B169A510068A6A6 /* AppDelegate.swift in Sources */,
			);
			runOnlyForDeploymentPostprocessing = 0;
		};
		0428E8991B169A510068A6A6 /* Sources */ = {
			isa = PBXSourcesBuildPhase;
			buildActionMask = 2147483647;
			files = (
				0428E8A41B169A510068A6A6 /* ImagesTests.swift in Sources */,
			);
			runOnlyForDeploymentPostprocessing = 0;
		};
/* End PBXSourcesBuildPhase section */

/* Begin PBXTargetDependency section */
		0428E89F1B169A510068A6A6 /* PBXTargetDependency */ = {
			isa = PBXTargetDependency;
			target = 0428E8871B169A510068A6A6 /* Images */;
			targetProxy = 0428E89E1B169A510068A6A6 /* PBXContainerItemProxy */;
		};
/* End PBXTargetDependency section */

/* Begin PBXVariantGroup section */
		0428E8911B169A510068A6A6 /* Main.storyboard */ = {
			isa = PBXVariantGroup;
			children = (
				0428E8921B169A510068A6A6 /* Base */,
			);
			name = Main.storyboard;
			sourceTree = "<group>";
		};
		0428E8961B169A510068A6A6 /* LaunchScreen.xib */ = {
			isa = PBXVariantGroup;
			children = (
				0428E8971B169A510068A6A6 /* Base */,
			);
			name = LaunchScreen.xib;
			sourceTree = "<group>";
		};
/* End PBXVariantGroup section */

/* Begin XCBuildConfiguration section */
		0428E8A51B169A510068A6A6 /* Debug */ = {
			isa = XCBuildConfiguration;
			buildSettings = {
				ALWAYS_SEARCH_USER_PATHS = NO;
				CLANG_CXX_LANGUAGE_STANDARD = "gnu++0x";
				CLANG_CXX_LIBRARY = "libc++";
				CLANG_ENABLE_MODULES = YES;
				CLANG_ENABLE_OBJC_ARC = YES;
				CLANG_WARN_BOOL_CONVERSION = YES;
				CLANG_WARN_CONSTANT_CONVERSION = YES;
				CLANG_WARN_DIRECT_OBJC_ISA_USAGE = YES_ERROR;
				CLANG_WARN_EMPTY_BODY = YES;
				CLANG_WARN_ENUM_CONVERSION = YES;
				CLANG_WARN_INT_CONVERSION = YES;
				CLANG_WARN_OBJC_ROOT_CLASS = YES_ERROR;
				CLANG_WARN_UNREACHABLE_CODE = YES;
				CLANG_WARN__DUPLICATE_METHOD_MATCH = YES;
				"CODE_SIGN_IDENTITY[sdk=iphoneos*]" = "iPhone Developer";
				COPY_PHASE_STRIP = NO;
				DEBUG_INFORMATION_FORMAT = "dwarf-with-dsym";
				ENABLE_STRICT_OBJC_MSGSEND = YES;
				GCC_C_LANGUAGE_STANDARD = gnu99;
				GCC_DYNAMIC_NO_PIC = NO;
				GCC_NO_COMMON_BLOCKS = YES;
				GCC_OPTIMIZATION_LEVEL = 0;
				GCC_PREPROCESSOR_DEFINITIONS = (
					"DEBUG=1",
					"$(inherited)",
				);
				GCC_SYMBOLS_PRIVATE_EXTERN = NO;
				GCC_WARN_64_TO_32_BIT_CONVERSION = YES;
				GCC_WARN_ABOUT_RETURN_TYPE = YES_ERROR;
				GCC_WARN_UNDECLARED_SELECTOR = YES;
				GCC_WARN_UNINITIALIZED_AUTOS = YES_AGGRESSIVE;
				GCC_WARN_UNUSED_FUNCTION = YES;
				GCC_WARN_UNUSED_VARIABLE = YES;
				IPHONEOS_DEPLOYMENT_TARGET = 8.3;
				MTL_ENABLE_DEBUG_INFO = YES;
				ONLY_ACTIVE_ARCH = YES;
				SDKROOT = iphoneos;
				SWIFT_OPTIMIZATION_LEVEL = "-Onone";
			};
			name = Debug;
		};
		0428E8A61B169A510068A6A6 /* Release */ = {
			isa = XCBuildConfiguration;
			buildSettings = {
				ALWAYS_SEARCH_USER_PATHS = NO;
				CLANG_CXX_LANGUAGE_STANDARD = "gnu++0x";
				CLANG_CXX_LIBRARY = "libc++";
				CLANG_ENABLE_MODULES = YES;
				CLANG_ENABLE_OBJC_ARC = YES;
				CLANG_WARN_BOOL_CONVERSION = YES;
				CLANG_WARN_CONSTANT_CONVERSION = YES;
				CLANG_WARN_DIRECT_OBJC_ISA_USAGE = YES_ERROR;
				CLANG_WARN_EMPTY_BODY = YES;
				CLANG_WARN_ENUM_CONVERSION = YES;
				CLANG_WARN_INT_CONVERSION = YES;
				CLANG_WARN_OBJC_ROOT_CLASS = YES_ERROR;
				CLANG_WARN_UNREACHABLE_CODE = YES;
				CLANG_WARN__DUPLICATE_METHOD_MATCH = YES;
				"CODE_SIGN_IDENTITY[sdk=iphoneos*]" = "iPhone Developer";
				COPY_PHASE_STRIP = NO;
				DEBUG_INFORMATION_FORMAT = "dwarf-with-dsym";
				ENABLE_NS_ASSERTIONS = NO;
				ENABLE_STRICT_OBJC_MSGSEND = YES;
				GCC_C_LANGUAGE_STANDARD = gnu99;
				GCC_NO_COMMON_BLOCKS = YES;
				GCC_WARN_64_TO_32_BIT_CONVERSION = YES;
				GCC_WARN_ABOUT_RETURN_TYPE = YES_ERROR;
				GCC_WARN_UNDECLARED_SELECTOR = YES;
				GCC_WARN_UNINITIALIZED_AUTOS = YES_AGGRESSIVE;
				GCC_WARN_UNUSED_FUNCTION = YES;
				GCC_WARN_UNUSED_VARIABLE = YES;
				IPHONEOS_DEPLOYMENT_TARGET = 8.3;
				MTL_ENABLE_DEBUG_INFO = NO;
				SDKROOT = iphoneos;
				VALIDATE_PRODUCT = YES;
			};
			name = Release;
		};
		0428E8A81B169A510068A6A6 /* Debug */ = {
			isa = XCBuildConfiguration;
			buildSettings = {
				ASSETCATALOG_COMPILER_APPICON_NAME = AppIcon;
				INFOPLIST_FILE = Images/Info.plist;
				LD_RUNPATH_SEARCH_PATHS = "$(inherited) @executable_path/Frameworks";
				PRODUCT_NAME = "$(TARGET_NAME)";
			};
			name = Debug;
		};
		0428E8A91B169A510068A6A6 /* Release */ = {
			isa = XCBuildConfiguration;
			buildSettings = {
				ASSETCATALOG_COMPILER_APPICON_NAME = AppIcon;
				INFOPLIST_FILE = Images/Info.plist;
				LD_RUNPATH_SEARCH_PATHS = "$(inherited) @executable_path/Frameworks";
				PRODUCT_NAME = "$(TARGET_NAME)";
			};
			name = Release;
		};
		0428E8AB1B169A510068A6A6 /* Debug */ = {
			isa = XCBuildConfiguration;
			buildSettings = {
				BUNDLE_LOADER = "$(TEST_HOST)";
				FRAMEWORK_SEARCH_PATHS = (
					"$(SDKROOT)/Developer/Library/Frameworks",
					"$(inherited)",
				);
				GCC_PREPROCESSOR_DEFINITIONS = (
					"DEBUG=1",
					"$(inherited)",
				);
				INFOPLIST_FILE = ImagesTests/Info.plist;
				LD_RUNPATH_SEARCH_PATHS = "$(inherited) @executable_path/Frameworks @loader_path/Frameworks";
				PRODUCT_NAME = "$(TARGET_NAME)";
				TEST_HOST = "$(BUILT_PRODUCTS_DIR)/Images.app/Images";
			};
			name = Debug;
		};
		0428E8AC1B169A510068A6A6 /* Release */ = {
			isa = XCBuildConfiguration;
			buildSettings = {
				BUNDLE_LOADER = "$(TEST_HOST)";
				FRAMEWORK_SEARCH_PATHS = (
					"$(SDKROOT)/Developer/Library/Frameworks",
					"$(inherited)",
				);
				INFOPLIST_FILE = ImagesTests/Info.plist;
				LD_RUNPATH_SEARCH_PATHS = "$(inherited) @executable_path/Frameworks @loader_path/Frameworks";
				PRODUCT_NAME = "$(TARGET_NAME)";
				TEST_HOST = "$(BUILT_PRODUCTS_DIR)/Images.app/Images";
			};
			name = Release;
		};
/* End XCBuildConfiguration section */

/* Begin XCConfigurationList section */
		0428E8831B169A510068A6A6 /* Build configuration list for PBXProject "Images" */ = {
			isa = XCConfigurationList;
			buildConfigurations = (
				0428E8A51B169A510068A6A6 /* Debug */,
				0428E8A61B169A510068A6A6 /* Release */,
			);
			defaultConfigurationIsVisible = 0;
			defaultConfigurationName = Release;
		};
		0428E8A71B169A510068A6A6 /* Build configuration list for PBXNativeTarget "Images" */ = {
			isa = XCConfigurationList;
			buildConfigurations = (
				0428E8A81B169A510068A6A6 /* Debug */,
				0428E8A91B169A510068A6A6 /* Release */,
			);
			defaultConfigurationIsVisible = 0;
			defaultConfigurationName = Release;
		};
		0428E8AA1B169A510068A6A6 /* Build configuration list for PBXNativeTarget "ImagesTests" */ = {
			isa = XCConfigurationList;
			buildConfigurations = (
				0428E8AB1B169A510068A6A6 /* Debug */,
				0428E8AC1B169A510068A6A6 /* Release */,
			);
			defaultConfigurationIsVisible = 0;
			defaultConfigurationName = Release;
		};
/* End XCConfigurationList section */
	};
	rootObject = 0428E8801B169A510068A6A6 /* Project object */;
}
