// !$*UTF8*$!
{
	archiveVersion = 1;
	classes = {
	};
	objectVersion = 46;
	objects = {

/* Begin PBXBuildFile section */
		0495A5EE1AFCFDF0006C4710 /* AppDelegate.swift in Sources */ = {isa = PBXBuildFile; fileRef = 0495A5ED1AFCFDF0006C4710 /* AppDelegate.swift */; };
		0495A5F01AFCFDF0006C4710 /* ViewController.swift in Sources */ = {isa = PBXBuildFile; fileRef = 0495A5EF1AFCFDF0006C4710 /* ViewController.swift */; };
		0495A5F31AFCFDF0006C4710 /* Main.storyboard in Resources */ = {isa = PBXBuildFile; fileRef = 0495A5F11AFCFDF0006C4710 /* Main.storyboard */; };
		0495A5F51AFCFDF0006C4710 /* Images.xcassets in Resources */ = {isa = PBXBuildFile; fileRef = 0495A5F41AFCFDF0006C4710 /* Images.xcassets */; };
		0495A5F81AFCFDF0006C4710 /* LaunchScreen.xib in Resources */ = {isa = PBXBuildFile; fileRef = 0495A5F61AFCFDF0006C4710 /* LaunchScreen.xib */; };
		0495A6041AFCFDF1006C4710 /* TicTacToeLayOutTests.swift in Sources */ = {isa = PBXBuildFile; fileRef = 0495A6031AFCFDF1006C4710 /* TicTacToeLayOutTests.swift */; };
		0495A6101AFCFF39006C4710 /* TicButton.swift in Sources */ = {isa = PBXBuildFile; fileRef = 0495A60F1AFCFF39006C4710 /* TicButton.swift */; };
/* End PBXBuildFile section */

/* Begin PBXContainerItemProxy section */
		0495A5FE1AFCFDF1006C4710 /* PBXContainerItemProxy */ = {
			isa = PBXContainerItemProxy;
			containerPortal = 0495A5E01AFCFDF0006C4710 /* Project object */;
			proxyType = 1;
			remoteGlobalIDString = 0495A5E71AFCFDF0006C4710;
			remoteInfo = TicTacToeLayOut;
		};
/* End PBXContainerItemProxy section */

/* Begin PBXFileReference section */
		0495A5E81AFCFDF0006C4710 /* TicTacToeLayOut.app */ = {isa = PBXFileReference; explicitFileType = wrapper.application; includeInIndex = 0; path = TicTacToeLayOut.app; sourceTree = BUILT_PRODUCTS_DIR; };
		0495A5EC1AFCFDF0006C4710 /* Info.plist */ = {isa = PBXFileReference; lastKnownFileType = text.plist.xml; path = Info.plist; sourceTree = "<group>"; };
		0495A5ED1AFCFDF0006C4710 /* AppDelegate.swift */ = {isa = PBXFileReference; lastKnownFileType = sourcecode.swift; path = AppDelegate.swift; sourceTree = "<group>"; };
		0495A5EF1AFCFDF0006C4710 /* ViewController.swift */ = {isa = PBXFileReference; lastKnownFileType = sourcecode.swift; path = ViewController.swift; sourceTree = "<group>"; };
		0495A5F21AFCFDF0006C4710 /* Base */ = {isa = PBXFileReference; lastKnownFileType = file.storyboard; name = Base; path = Base.lproj/Main.storyboard; sourceTree = "<group>"; };
		0495A5F41AFCFDF0006C4710 /* Images.xcassets */ = {isa = PBXFileReference; lastKnownFileType = folder.assetcatalog; path = Images.xcassets; sourceTree = "<group>"; };
		0495A5F71AFCFDF0006C4710 /* Base */ = {isa = PBXFileReference; lastKnownFileType = file.xib; name = Base; path = Base.lproj/LaunchScreen.xib; sourceTree = "<group>"; };
		0495A5FD1AFCFDF1006C4710 /* TicTacToeLayOutTests.xctest */ = {isa = PBXFileReference; explicitFileType = wrapper.cfbundle; includeInIndex = 0; path = TicTacToeLayOutTests.xctest; sourceTree = BUILT_PRODUCTS_DIR; };
		0495A6021AFCFDF1006C4710 /* Info.plist */ = {isa = PBXFileReference; lastKnownFileType = text.plist.xml; path = Info.plist; sourceTree = "<group>"; };
		0495A6031AFCFDF1006C4710 /* TicTacToeLayOutTests.swift */ = {isa = PBXFileReference; lastKnownFileType = sourcecode.swift; path = TicTacToeLayOutTests.swift; sourceTree = "<group>"; };
		0495A60F1AFCFF39006C4710 /* TicButton.swift */ = {isa = PBXFileReference; fileEncoding = 4; lastKnownFileType = sourcecode.swift; path = TicButton.swift; sourceTree = "<group>"; };
/* End PBXFileReference section */

/* Begin PBXFrameworksBuildPhase section */
		0495A5E51AFCFDF0006C4710 /* Frameworks */ = {
			isa = PBXFrameworksBuildPhase;
			buildActionMask = 2147483647;
			files = (
			);
			runOnlyForDeploymentPostprocessing = 0;
		};
		0495A5FA1AFCFDF1006C4710 /* Frameworks */ = {
			isa = PBXFrameworksBuildPhase;
			buildActionMask = 2147483647;
			files = (
			);
			runOnlyForDeploymentPostprocessing = 0;
		};
/* End PBXFrameworksBuildPhase section */

/* Begin PBXGroup section */
		0495A5DF1AFCFDF0006C4710 = {
			isa = PBXGroup;
			children = (
				0495A5EA1AFCFDF0006C4710 /* TicTacToeLayOut */,
				0495A6001AFCFDF1006C4710 /* TicTacToeLayOutTests */,
				0495A5E91AFCFDF0006C4710 /* Products */,
			);
			sourceTree = "<group>";
		};
		0495A5E91AFCFDF0006C4710 /* Products */ = {
			isa = PBXGroup;
			children = (
				0495A5E81AFCFDF0006C4710 /* TicTacToeLayOut.app */,
				0495A5FD1AFCFDF1006C4710 /* TicTacToeLayOutTests.xctest */,
			);
			name = Products;
			sourceTree = "<group>";
		};
		0495A5EA1AFCFDF0006C4710 /* TicTacToeLayOut */ = {
			isa = PBXGroup;
			children = (
				0495A60F1AFCFF39006C4710 /* TicButton.swift */,
				0495A5EF1AFCFDF0006C4710 /* ViewController.swift */,
				0495A5F11AFCFDF0006C4710 /* Main.storyboard */,
				0495A5EB1AFCFDF0006C4710 /* Supporting Files */,
			);
			path = TicTacToeLayOut;
			sourceTree = "<group>";
		};
		0495A5EB1AFCFDF0006C4710 /* Supporting Files */ = {
			isa = PBXGroup;
			children = (
				0495A5ED1AFCFDF0006C4710 /* AppDelegate.swift */,
				0495A5F61AFCFDF0006C4710 /* LaunchScreen.xib */,
				0495A5EC1AFCFDF0006C4710 /* Info.plist */,
				0495A5F41AFCFDF0006C4710 /* Images.xcassets */,
			);
			name = "Supporting Files";
			sourceTree = "<group>";
		};
		0495A6001AFCFDF1006C4710 /* TicTacToeLayOutTests */ = {
			isa = PBXGroup;
			children = (
				0495A6031AFCFDF1006C4710 /* TicTacToeLayOutTests.swift */,
				0495A6011AFCFDF1006C4710 /* Supporting Files */,
			);
			path = TicTacToeLayOutTests;
			sourceTree = "<group>";
		};
		0495A6011AFCFDF1006C4710 /* Supporting Files */ = {
			isa = PBXGroup;
			children = (
				0495A6021AFCFDF1006C4710 /* Info.plist */,
			);
			name = "Supporting Files";
			sourceTree = "<group>";
		};
/* End PBXGroup section */

/* Begin PBXNativeTarget section */
		0495A5E71AFCFDF0006C4710 /* TicTacToeLayOut */ = {
			isa = PBXNativeTarget;
			buildConfigurationList = 0495A6071AFCFDF1006C4710 /* Build configuration list for PBXNativeTarget "TicTacToeLayOut" */;
			buildPhases = (
				0495A5E41AFCFDF0006C4710 /* Sources */,
				0495A5E51AFCFDF0006C4710 /* Frameworks */,
				0495A5E61AFCFDF0006C4710 /* Resources */,
			);
			buildRules = (
			);
			dependencies = (
			);
			name = TicTacToeLayOut;
			productName = TicTacToeLayOut;
			productReference = 0495A5E81AFCFDF0006C4710 /* TicTacToeLayOut.app */;
			productType = "com.apple.product-type.application";
		};
		0495A5FC1AFCFDF1006C4710 /* TicTacToeLayOutTests */ = {
			isa = PBXNativeTarget;
			buildConfigurationList = 0495A60A1AFCFDF1006C4710 /* Build configuration list for PBXNativeTarget "TicTacToeLayOutTests" */;
			buildPhases = (
				0495A5F91AFCFDF1006C4710 /* Sources */,
				0495A5FA1AFCFDF1006C4710 /* Frameworks */,
				0495A5FB1AFCFDF1006C4710 /* Resources */,
			);
			buildRules = (
			);
			dependencies = (
				0495A5FF1AFCFDF1006C4710 /* PBXTargetDependency */,
			);
			name = TicTacToeLayOutTests;
			productName = TicTacToeLayOutTests;
			productReference = 0495A5FD1AFCFDF1006C4710 /* TicTacToeLayOutTests.xctest */;
			productType = "com.apple.product-type.bundle.unit-test";
		};
/* End PBXNativeTarget section */

/* Begin PBXProject section */
		0495A5E01AFCFDF0006C4710 /* Project object */ = {
			isa = PBXProject;
			attributes = {
				LastUpgradeCheck = 0630;
				ORGANIZATIONNAME = "Shannon Armon";
				TargetAttributes = {
					0495A5E71AFCFDF0006C4710 = {
						CreatedOnToolsVersion = 6.3.1;
					};
					0495A5FC1AFCFDF1006C4710 = {
						CreatedOnToolsVersion = 6.3.1;
						TestTargetID = 0495A5E71AFCFDF0006C4710;
					};
				};
			};
			buildConfigurationList = 0495A5E31AFCFDF0006C4710 /* Build configuration list for PBXProject "TicTacToeLayOut" */;
			compatibilityVersion = "Xcode 3.2";
			developmentRegion = English;
			hasScannedForEncodings = 0;
			knownRegions = (
				en,
				Base,
			);
			mainGroup = 0495A5DF1AFCFDF0006C4710;
			productRefGroup = 0495A5E91AFCFDF0006C4710 /* Products */;
			projectDirPath = "";
			projectRoot = "";
			targets = (
				0495A5E71AFCFDF0006C4710 /* TicTacToeLayOut */,
				0495A5FC1AFCFDF1006C4710 /* TicTacToeLayOutTests */,
			);
		};
/* End PBXProject section */

/* Begin PBXResourcesBuildPhase section */
		0495A5E61AFCFDF0006C4710 /* Resources */ = {
			isa = PBXResourcesBuildPhase;
			buildActionMask = 2147483647;
			files = (
				0495A5F31AFCFDF0006C4710 /* Main.storyboard in Resources */,
				0495A5F81AFCFDF0006C4710 /* LaunchScreen.xib in Resources */,
				0495A5F51AFCFDF0006C4710 /* Images.xcassets in Resources */,
			);
			runOnlyForDeploymentPostprocessing = 0;
		};
		0495A5FB1AFCFDF1006C4710 /* Resources */ = {
			isa = PBXResourcesBuildPhase;
			buildActionMask = 2147483647;
			files = (
			);
			runOnlyForDeploymentPostprocessing = 0;
		};
/* End PBXResourcesBuildPhase section */

/* Begin PBXSourcesBuildPhase section */
		0495A5E41AFCFDF0006C4710 /* Sources */ = {
			isa = PBXSourcesBuildPhase;
			buildActionMask = 2147483647;
			files = (
				0495A5F01AFCFDF0006C4710 /* ViewController.swift in Sources */,
				0495A5EE1AFCFDF0006C4710 /* AppDelegate.swift in Sources */,
				0495A6101AFCFF39006C4710 /* TicButton.swift in Sources */,
			);
			runOnlyForDeploymentPostprocessing = 0;
		};
		0495A5F91AFCFDF1006C4710 /* Sources */ = {
			isa = PBXSourcesBuildPhase;
			buildActionMask = 2147483647;
			files = (
				0495A6041AFCFDF1006C4710 /* TicTacToeLayOutTests.swift in Sources */,
			);
			runOnlyForDeploymentPostprocessing = 0;
		};
/* End PBXSourcesBuildPhase section */

/* Begin PBXTargetDependency section */
		0495A5FF1AFCFDF1006C4710 /* PBXTargetDependency */ = {
			isa = PBXTargetDependency;
			target = 0495A5E71AFCFDF0006C4710 /* TicTacToeLayOut */;
			targetProxy = 0495A5FE1AFCFDF1006C4710 /* PBXContainerItemProxy */;
		};
/* End PBXTargetDependency section */

/* Begin PBXVariantGroup section */
		0495A5F11AFCFDF0006C4710 /* Main.storyboard */ = {
			isa = PBXVariantGroup;
			children = (
				0495A5F21AFCFDF0006C4710 /* Base */,
			);
			name = Main.storyboard;
			sourceTree = "<group>";
		};
		0495A5F61AFCFDF0006C4710 /* LaunchScreen.xib */ = {
			isa = PBXVariantGroup;
			children = (
				0495A5F71AFCFDF0006C4710 /* Base */,
			);
			name = LaunchScreen.xib;
			sourceTree = "<group>";
		};
/* End PBXVariantGroup section */

/* Begin XCBuildConfiguration section */
		0495A6051AFCFDF1006C4710 /* Debug */ = {
			isa = XCBuildConfiguration;
			buildSettings = {
				ALWAYS_SEARCH_USER_PATHS = NO;
				CLANG_CXX_LANGUAGE_STANDARD = "gnu++0x";
				CLANG_CXX_LIBRARY = "libc++";
				CLANG_ENABLE_MODULES = YES;
				CLANG_ENABLE_OBJC_ARC = YES;
				CLANG_WARN_BOOL_CONVERSION = YES;
				CLANG_WARN_CONSTANT_CONVERSION = YES;
				CLANG_WARN_DIRECT_OBJC_ISA_USAGE = YES_ERROR;
				CLANG_WARN_EMPTY_BODY = YES;
				CLANG_WARN_ENUM_CONVERSION = YES;
				CLANG_WARN_INT_CONVERSION = YES;
				CLANG_WARN_OBJC_ROOT_CLASS = YES_ERROR;
				CLANG_WARN_UNREACHABLE_CODE = YES;
				CLANG_WARN__DUPLICATE_METHOD_MATCH = YES;
				"CODE_SIGN_IDENTITY[sdk=iphoneos*]" = "iPhone Developer";
				COPY_PHASE_STRIP = NO;
				DEBUG_INFORMATION_FORMAT = "dwarf-with-dsym";
				ENABLE_STRICT_OBJC_MSGSEND = YES;
				GCC_C_LANGUAGE_STANDARD = gnu99;
				GCC_DYNAMIC_NO_PIC = NO;
				GCC_NO_COMMON_BLOCKS = YES;
				GCC_OPTIMIZATION_LEVEL = 0;
				GCC_PREPROCESSOR_DEFINITIONS = (
					"DEBUG=1",
					"$(inherited)",
				);
				GCC_SYMBOLS_PRIVATE_EXTERN = NO;
				GCC_WARN_64_TO_32_BIT_CONVERSION = YES;
				GCC_WARN_ABOUT_RETURN_TYPE = YES_ERROR;
				GCC_WARN_UNDECLARED_SELECTOR = YES;
				GCC_WARN_UNINITIALIZED_AUTOS = YES_AGGRESSIVE;
				GCC_WARN_UNUSED_FUNCTION = YES;
				GCC_WARN_UNUSED_VARIABLE = YES;
				IPHONEOS_DEPLOYMENT_TARGET = 8.3;
				MTL_ENABLE_DEBUG_INFO = YES;
				ONLY_ACTIVE_ARCH = YES;
				SDKROOT = iphoneos;
				SWIFT_OPTIMIZATION_LEVEL = "-Onone";
			};
			name = Debug;
		};
		0495A6061AFCFDF1006C4710 /* Release */ = {
			isa = XCBuildConfiguration;
			buildSettings = {
				ALWAYS_SEARCH_USER_PATHS = NO;
				CLANG_CXX_LANGUAGE_STANDARD = "gnu++0x";
				CLANG_CXX_LIBRARY = "libc++";
				CLANG_ENABLE_MODULES = YES;
				CLANG_ENABLE_OBJC_ARC = YES;
				CLANG_WARN_BOOL_CONVERSION = YES;
				CLANG_WARN_CONSTANT_CONVERSION = YES;
				CLANG_WARN_DIRECT_OBJC_ISA_USAGE = YES_ERROR;
				CLANG_WARN_EMPTY_BODY = YES;
				CLANG_WARN_ENUM_CONVERSION = YES;
				CLANG_WARN_INT_CONVERSION = YES;
				CLANG_WARN_OBJC_ROOT_CLASS = YES_ERROR;
				CLANG_WARN_UNREACHABLE_CODE = YES;
				CLANG_WARN__DUPLICATE_METHOD_MATCH = YES;
				"CODE_SIGN_IDENTITY[sdk=iphoneos*]" = "iPhone Developer";
				COPY_PHASE_STRIP = NO;
				DEBUG_INFORMATION_FORMAT = "dwarf-with-dsym";
				ENABLE_NS_ASSERTIONS = NO;
				ENABLE_STRICT_OBJC_MSGSEND = YES;
				GCC_C_LANGUAGE_STANDARD = gnu99;
				GCC_NO_COMMON_BLOCKS = YES;
				GCC_WARN_64_TO_32_BIT_CONVERSION = YES;
				GCC_WARN_ABOUT_RETURN_TYPE = YES_ERROR;
				GCC_WARN_UNDECLARED_SELECTOR = YES;
				GCC_WARN_UNINITIALIZED_AUTOS = YES_AGGRESSIVE;
				GCC_WARN_UNUSED_FUNCTION = YES;
				GCC_WARN_UNUSED_VARIABLE = YES;
				IPHONEOS_DEPLOYMENT_TARGET = 8.3;
				MTL_ENABLE_DEBUG_INFO = NO;
				SDKROOT = iphoneos;
				VALIDATE_PRODUCT = YES;
			};
			name = Release;
		};
		0495A6081AFCFDF1006C4710 /* Debug */ = {
			isa = XCBuildConfiguration;
			buildSettings = {
				ASSETCATALOG_COMPILER_APPICON_NAME = AppIcon;
				INFOPLIST_FILE = TicTacToeLayOut/Info.plist;
				LD_RUNPATH_SEARCH_PATHS = "$(inherited) @executable_path/Frameworks";
				PRODUCT_NAME = "$(TARGET_NAME)";
			};
			name = Debug;
		};
		0495A6091AFCFDF1006C4710 /* Release */ = {
			isa = XCBuildConfiguration;
			buildSettings = {
				ASSETCATALOG_COMPILER_APPICON_NAME = AppIcon;
				INFOPLIST_FILE = TicTacToeLayOut/Info.plist;
				LD_RUNPATH_SEARCH_PATHS = "$(inherited) @executable_path/Frameworks";
				PRODUCT_NAME = "$(TARGET_NAME)";
			};
			name = Release;
		};
		0495A60B1AFCFDF1006C4710 /* Debug */ = {
			isa = XCBuildConfiguration;
			buildSettings = {
				BUNDLE_LOADER = "$(TEST_HOST)";
				FRAMEWORK_SEARCH_PATHS = (
					"$(SDKROOT)/Developer/Library/Frameworks",
					"$(inherited)",
				);
				GCC_PREPROCESSOR_DEFINITIONS = (
					"DEBUG=1",
					"$(inherited)",
				);
				INFOPLIST_FILE = TicTacToeLayOutTests/Info.plist;
				LD_RUNPATH_SEARCH_PATHS = "$(inherited) @executable_path/Frameworks @loader_path/Frameworks";
				PRODUCT_NAME = "$(TARGET_NAME)";
				TEST_HOST = "$(BUILT_PRODUCTS_DIR)/TicTacToeLayOut.app/TicTacToeLayOut";
			};
			name = Debug;
		};
		0495A60C1AFCFDF1006C4710 /* Release */ = {
			isa = XCBuildConfiguration;
			buildSettings = {
				BUNDLE_LOADER = "$(TEST_HOST)";
				FRAMEWORK_SEARCH_PATHS = (
					"$(SDKROOT)/Developer/Library/Frameworks",
					"$(inherited)",
				);
				INFOPLIST_FILE = TicTacToeLayOutTests/Info.plist;
				LD_RUNPATH_SEARCH_PATHS = "$(inherited) @executable_path/Frameworks @loader_path/Frameworks";
				PRODUCT_NAME = "$(TARGET_NAME)";
				TEST_HOST = "$(BUILT_PRODUCTS_DIR)/TicTacToeLayOut.app/TicTacToeLayOut";
			};
			name = Release;
		};
/* End XCBuildConfiguration section */

/* Begin XCConfigurationList section */
		0495A5E31AFCFDF0006C4710 /* Build configuration list for PBXProject "TicTacToeLayOut" */ = {
			isa = XCConfigurationList;
			buildConfigurations = (
				0495A6051AFCFDF1006C4710 /* Debug */,
				0495A6061AFCFDF1006C4710 /* Release */,
			);
			defaultConfigurationIsVisible = 0;
			defaultConfigurationName = Release;
		};
		0495A6071AFCFDF1006C4710 /* Build configuration list for PBXNativeTarget "TicTacToeLayOut" */ = {
			isa = XCConfigurationList;
			buildConfigurations = (
				0495A6081AFCFDF1006C4710 /* Debug */,
				0495A6091AFCFDF1006C4710 /* Release */,
			);
			defaultConfigurationIsVisible = 0;
		};
		0495A60A1AFCFDF1006C4710 /* Build configuration list for PBXNativeTarget "TicTacToeLayOutTests" */ = {
			isa = XCConfigurationList;
			buildConfigurations = (
				0495A60B1AFCFDF1006C4710 /* Debug */,
				0495A60C1AFCFDF1006C4710 /* Release */,
			);
			defaultConfigurationIsVisible = 0;
		};
/* End XCConfigurationList section */
	};
	rootObject = 0495A5E01AFCFDF0006C4710 /* Project object */;
}
