// !$*UTF8*$!
{
	archiveVersion = 1;
	classes = {
	};
	objectVersion = 46;
	objects = {

/* Begin PBXBuildFile section */
		04DC696D1B14AB1500A6A9C0 /* Fabric.framework in Frameworks */ = {isa = PBXBuildFile; fileRef = 04DC696B1B14AB1500A6A9C0 /* Fabric.framework */; };
		04DC696E1B14AB1500A6A9C0 /* Crashlytics.framework in Frameworks */ = {isa = PBXBuildFile; fileRef = 04DC696C1B14AB1500A6A9C0 /* Crashlytics.framework */; };
		04E203891B0E15ED00F77B5C /* AppDelegate.swift in Sources */ = {isa = PBXBuildFile; fileRef = 04E203881B0E15ED00F77B5C /* AppDelegate.swift */; };
		04E2038B1B0E15ED00F77B5C /* ViewController.swift in Sources */ = {isa = PBXBuildFile; fileRef = 04E2038A1B0E15ED00F77B5C /* ViewController.swift */; };
		04E2038E1B0E15ED00F77B5C /* Main.storyboard in Resources */ = {isa = PBXBuildFile; fileRef = 04E2038C1B0E15ED00F77B5C /* Main.storyboard */; };
		04E203901B0E15ED00F77B5C /* Images.xcassets in Resources */ = {isa = PBXBuildFile; fileRef = 04E2038F1B0E15ED00F77B5C /* Images.xcassets */; };
		04E203931B0E15ED00F77B5C /* LaunchScreen.xib in Resources */ = {isa = PBXBuildFile; fileRef = 04E203911B0E15ED00F77B5C /* LaunchScreen.xib */; };
		04E2039F1B0E15EE00F77B5C /* MyWorldTests.swift in Sources */ = {isa = PBXBuildFile; fileRef = 04E2039E1B0E15EE00F77B5C /* MyWorldTests.swift */; };
/* End PBXBuildFile section */

/* Begin PBXContainerItemProxy section */
		04E203991B0E15EE00F77B5C /* PBXContainerItemProxy */ = {
			isa = PBXContainerItemProxy;
			containerPortal = 04E2037B1B0E15ED00F77B5C /* Project object */;
			proxyType = 1;
			remoteGlobalIDString = 04E203821B0E15ED00F77B5C;
			remoteInfo = MyWorld;
		};
/* End PBXContainerItemProxy section */

/* Begin PBXFileReference section */
		04DC696B1B14AB1500A6A9C0 /* Fabric.framework */ = {isa = PBXFileReference; lastKnownFileType = wrapper.framework; path = Fabric.framework; sourceTree = SOURCE_ROOT; };
		04DC696C1B14AB1500A6A9C0 /* Crashlytics.framework */ = {isa = PBXFileReference; lastKnownFileType = wrapper.framework; path = Crashlytics.framework; sourceTree = SOURCE_ROOT; };
		04E203831B0E15ED00F77B5C /* MyWorld.app */ = {isa = PBXFileReference; explicitFileType = wrapper.application; includeInIndex = 0; path = MyWorld.app; sourceTree = BUILT_PRODUCTS_DIR; };
		04E203871B0E15ED00F77B5C /* Info.plist */ = {isa = PBXFileReference; lastKnownFileType = text.plist.xml; path = Info.plist; sourceTree = "<group>"; };
		04E203881B0E15ED00F77B5C /* AppDelegate.swift */ = {isa = PBXFileReference; lastKnownFileType = sourcecode.swift; path = AppDelegate.swift; sourceTree = "<group>"; };
		04E2038A1B0E15ED00F77B5C /* ViewController.swift */ = {isa = PBXFileReference; lastKnownFileType = sourcecode.swift; path = ViewController.swift; sourceTree = "<group>"; };
		04E2038D1B0E15ED00F77B5C /* Base */ = {isa = PBXFileReference; lastKnownFileType = file.storyboard; name = Base; path = Base.lproj/Main.storyboard; sourceTree = "<group>"; };
		04E2038F1B0E15ED00F77B5C /* Images.xcassets */ = {isa = PBXFileReference; lastKnownFileType = folder.assetcatalog; path = Images.xcassets; sourceTree = "<group>"; };
		04E203921B0E15ED00F77B5C /* Base */ = {isa = PBXFileReference; lastKnownFileType = file.xib; name = Base; path = Base.lproj/LaunchScreen.xib; sourceTree = "<group>"; };
		04E203981B0E15EE00F77B5C /* MyWorldTests.xctest */ = {isa = PBXFileReference; explicitFileType = wrapper.cfbundle; includeInIndex = 0; path = MyWorldTests.xctest; sourceTree = BUILT_PRODUCTS_DIR; };
		04E2039D1B0E15EE00F77B5C /* Info.plist */ = {isa = PBXFileReference; lastKnownFileType = text.plist.xml; path = Info.plist; sourceTree = "<group>"; };
		04E2039E1B0E15EE00F77B5C /* MyWorldTests.swift */ = {isa = PBXFileReference; lastKnownFileType = sourcecode.swift; path = MyWorldTests.swift; sourceTree = "<group>"; };
/* End PBXFileReference section */

/* Begin PBXFrameworksBuildPhase section */
		04E203801B0E15ED00F77B5C /* Frameworks */ = {
			isa = PBXFrameworksBuildPhase;
			buildActionMask = 2147483647;
			files = (
				04DC696E1B14AB1500A6A9C0 /* Crashlytics.framework in Frameworks */,
				04DC696D1B14AB1500A6A9C0 /* Fabric.framework in Frameworks */,
			);
			runOnlyForDeploymentPostprocessing = 0;
		};
		04E203951B0E15EE00F77B5C /* Frameworks */ = {
			isa = PBXFrameworksBuildPhase;
			buildActionMask = 2147483647;
			files = (
			);
			runOnlyForDeploymentPostprocessing = 0;
		};
/* End PBXFrameworksBuildPhase section */

/* Begin PBXGroup section */
		04DC696A1B14AAB600A6A9C0 /* FrameWorks */ = {
			isa = PBXGroup;
			children = (
				04DC696B1B14AB1500A6A9C0 /* Fabric.framework */,
				04DC696C1B14AB1500A6A9C0 /* Crashlytics.framework */,
			);
			name = FrameWorks;
			path = ..;
			sourceTree = "<group>";
		};
		04E2037A1B0E15ED00F77B5C = {
			isa = PBXGroup;
			children = (
				04E203851B0E15ED00F77B5C /* MyWorld */,
				04E2039B1B0E15EE00F77B5C /* MyWorldTests */,
				04E203841B0E15ED00F77B5C /* Products */,
			);
			sourceTree = "<group>";
		};
		04E203841B0E15ED00F77B5C /* Products */ = {
			isa = PBXGroup;
			children = (
				04E203831B0E15ED00F77B5C /* MyWorld.app */,
				04E203981B0E15EE00F77B5C /* MyWorldTests.xctest */,
			);
			name = Products;
			sourceTree = "<group>";
		};
		04E203851B0E15ED00F77B5C /* MyWorld */ = {
			isa = PBXGroup;
			children = (
				04E2038A1B0E15ED00F77B5C /* ViewController.swift */,
				04E2038C1B0E15ED00F77B5C /* Main.storyboard */,
				04E203861B0E15ED00F77B5C /* Supporting Files */,
				04DC696A1B14AAB600A6A9C0 /* FrameWorks */,
			);
			path = MyWorld;
			sourceTree = "<group>";
		};
		04E203861B0E15ED00F77B5C /* Supporting Files */ = {
			isa = PBXGroup;
			children = (
				04E203881B0E15ED00F77B5C /* AppDelegate.swift */,
				04E203911B0E15ED00F77B5C /* LaunchScreen.xib */,
				04E203871B0E15ED00F77B5C /* Info.plist */,
				04E2038F1B0E15ED00F77B5C /* Images.xcassets */,
			);
			name = "Supporting Files";
			sourceTree = "<group>";
		};
		04E2039B1B0E15EE00F77B5C /* MyWorldTests */ = {
			isa = PBXGroup;
			children = (
				04E2039E1B0E15EE00F77B5C /* MyWorldTests.swift */,
				04E2039C1B0E15EE00F77B5C /* Supporting Files */,
			);
			path = MyWorldTests;
			sourceTree = "<group>";
		};
		04E2039C1B0E15EE00F77B5C /* Supporting Files */ = {
			isa = PBXGroup;
			children = (
				04E2039D1B0E15EE00F77B5C /* Info.plist */,
			);
			name = "Supporting Files";
			sourceTree = "<group>";
		};
/* End PBXGroup section */

/* Begin PBXNativeTarget section */
		04E203821B0E15ED00F77B5C /* MyWorld */ = {
			isa = PBXNativeTarget;
			buildConfigurationList = 04E203A21B0E15EE00F77B5C /* Build configuration list for PBXNativeTarget "MyWorld" */;
			buildPhases = (
				04E2037F1B0E15ED00F77B5C /* Sources */,
				04E203801B0E15ED00F77B5C /* Frameworks */,
				04E203811B0E15ED00F77B5C /* Resources */,
				04DC69691B14AA7200A6A9C0 /* ShellScript */,
			);
			buildRules = (
			);
			dependencies = (
			);
			name = MyWorld;
			productName = MyWorld;
			productReference = 04E203831B0E15ED00F77B5C /* MyWorld.app */;
			productType = "com.apple.product-type.application";
		};
		04E203971B0E15EE00F77B5C /* MyWorldTests */ = {
			isa = PBXNativeTarget;
			buildConfigurationList = 04E203A51B0E15EE00F77B5C /* Build configuration list for PBXNativeTarget "MyWorldTests" */;
			buildPhases = (
				04E203941B0E15EE00F77B5C /* Sources */,
				04E203951B0E15EE00F77B5C /* Frameworks */,
				04E203961B0E15EE00F77B5C /* Resources */,
			);
			buildRules = (
			);
			dependencies = (
				04E2039A1B0E15EE00F77B5C /* PBXTargetDependency */,
			);
			name = MyWorldTests;
			productName = MyWorldTests;
			productReference = 04E203981B0E15EE00F77B5C /* MyWorldTests.xctest */;
			productType = "com.apple.product-type.bundle.unit-test";
		};
/* End PBXNativeTarget section */

/* Begin PBXProject section */
		04E2037B1B0E15ED00F77B5C /* Project object */ = {
			isa = PBXProject;
			attributes = {
				LastUpgradeCheck = 0630;
				ORGANIZATIONNAME = "Shannon Armon";
				TargetAttributes = {
					04E203821B0E15ED00F77B5C = {
						CreatedOnToolsVersion = 6.3.1;
					};
					04E203971B0E15EE00F77B5C = {
						CreatedOnToolsVersion = 6.3.1;
						TestTargetID = 04E203821B0E15ED00F77B5C;
					};
				};
			};
			buildConfigurationList = 04E2037E1B0E15ED00F77B5C /* Build configuration list for PBXProject "MyWorld" */;
			compatibilityVersion = "Xcode 3.2";
			developmentRegion = English;
			hasScannedForEncodings = 0;
			knownRegions = (
				en,
				Base,
			);
			mainGroup = 04E2037A1B0E15ED00F77B5C;
			productRefGroup = 04E203841B0E15ED00F77B5C /* Products */;
			projectDirPath = "";
			projectRoot = "";
			targets = (
				04E203821B0E15ED00F77B5C /* MyWorld */,
				04E203971B0E15EE00F77B5C /* MyWorldTests */,
			);
		};
/* End PBXProject section */

/* Begin PBXResourcesBuildPhase section */
		04E203811B0E15ED00F77B5C /* Resources */ = {
			isa = PBXResourcesBuildPhase;
			buildActionMask = 2147483647;
			files = (
				04E2038E1B0E15ED00F77B5C /* Main.storyboard in Resources */,
				04E203931B0E15ED00F77B5C /* LaunchScreen.xib in Resources */,
				04E203901B0E15ED00F77B5C /* Images.xcassets in Resources */,
			);
			runOnlyForDeploymentPostprocessing = 0;
		};
		04E203961B0E15EE00F77B5C /* Resources */ = {
			isa = PBXResourcesBuildPhase;
			buildActionMask = 2147483647;
			files = (
			);
			runOnlyForDeploymentPostprocessing = 0;
		};
/* End PBXResourcesBuildPhase section */

/* Begin PBXShellScriptBuildPhase section */
		04DC69691B14AA7200A6A9C0 /* ShellScript */ = {
			isa = PBXShellScriptBuildPhase;
			buildActionMask = 2147483647;
			files = (
			);
			inputPaths = (
			);
			outputPaths = (
			);
			runOnlyForDeploymentPostprocessing = 0;
			shellPath = /bin/sh;
			shellScript = "./Fabric.framework/run dc4354dda033fff7eb1cab49c941f34f18db5608 dae926a32a0807ae20d2aa528a9a255b4a5f10b6b1a5b809682b01c8fc927311";
		};
/* End PBXShellScriptBuildPhase section */

/* Begin PBXSourcesBuildPhase section */
		04E2037F1B0E15ED00F77B5C /* Sources */ = {
			isa = PBXSourcesBuildPhase;
			buildActionMask = 2147483647;
			files = (
				04E2038B1B0E15ED00F77B5C /* ViewController.swift in Sources */,
				04E203891B0E15ED00F77B5C /* AppDelegate.swift in Sources */,
			);
			runOnlyForDeploymentPostprocessing = 0;
		};
		04E203941B0E15EE00F77B5C /* Sources */ = {
			isa = PBXSourcesBuildPhase;
			buildActionMask = 2147483647;
			files = (
				04E2039F1B0E15EE00F77B5C /* MyWorldTests.swift in Sources */,
			);
			runOnlyForDeploymentPostprocessing = 0;
		};
/* End PBXSourcesBuildPhase section */

/* Begin PBXTargetDependency section */
		04E2039A1B0E15EE00F77B5C /* PBXTargetDependency */ = {
			isa = PBXTargetDependency;
			target = 04E203821B0E15ED00F77B5C /* MyWorld */;
			targetProxy = 04E203991B0E15EE00F77B5C /* PBXContainerItemProxy */;
		};
/* End PBXTargetDependency section */

/* Begin PBXVariantGroup section */
		04E2038C1B0E15ED00F77B5C /* Main.storyboard */ = {
			isa = PBXVariantGroup;
			children = (
				04E2038D1B0E15ED00F77B5C /* Base */,
			);
			name = Main.storyboard;
			sourceTree = "<group>";
		};
		04E203911B0E15ED00F77B5C /* LaunchScreen.xib */ = {
			isa = PBXVariantGroup;
			children = (
				04E203921B0E15ED00F77B5C /* Base */,
			);
			name = LaunchScreen.xib;
			sourceTree = "<group>";
		};
/* End PBXVariantGroup section */

/* Begin XCBuildConfiguration section */
		04E203A01B0E15EE00F77B5C /* Debug */ = {
			isa = XCBuildConfiguration;
			buildSettings = {
				ALWAYS_SEARCH_USER_PATHS = NO;
				CLANG_CXX_LANGUAGE_STANDARD = "gnu++0x";
				CLANG_CXX_LIBRARY = "libc++";
				CLANG_ENABLE_MODULES = YES;
				CLANG_ENABLE_OBJC_ARC = YES;
				CLANG_WARN_BOOL_CONVERSION = YES;
				CLANG_WARN_CONSTANT_CONVERSION = YES;
				CLANG_WARN_DIRECT_OBJC_ISA_USAGE = YES_ERROR;
				CLANG_WARN_EMPTY_BODY = YES;
				CLANG_WARN_ENUM_CONVERSION = YES;
				CLANG_WARN_INT_CONVERSION = YES;
				CLANG_WARN_OBJC_ROOT_CLASS = YES_ERROR;
				CLANG_WARN_UNREACHABLE_CODE = YES;
				CLANG_WARN__DUPLICATE_METHOD_MATCH = YES;
				"CODE_SIGN_IDENTITY[sdk=iphoneos*]" = "iPhone Developer";
				COPY_PHASE_STRIP = NO;
				DEBUG_INFORMATION_FORMAT = "dwarf-with-dsym";
				ENABLE_STRICT_OBJC_MSGSEND = YES;
				GCC_C_LANGUAGE_STANDARD = gnu99;
				GCC_DYNAMIC_NO_PIC = NO;
				GCC_NO_COMMON_BLOCKS = YES;
				GCC_OPTIMIZATION_LEVEL = 0;
				GCC_PREPROCESSOR_DEFINITIONS = (
					"DEBUG=1",
					"$(inherited)",
				);
				GCC_SYMBOLS_PRIVATE_EXTERN = NO;
				GCC_WARN_64_TO_32_BIT_CONVERSION = YES;
				GCC_WARN_ABOUT_RETURN_TYPE = YES_ERROR;
				GCC_WARN_UNDECLARED_SELECTOR = YES;
				GCC_WARN_UNINITIALIZED_AUTOS = YES_AGGRESSIVE;
				GCC_WARN_UNUSED_FUNCTION = YES;
				GCC_WARN_UNUSED_VARIABLE = YES;
				IPHONEOS_DEPLOYMENT_TARGET = 8.3;
				MTL_ENABLE_DEBUG_INFO = YES;
				ONLY_ACTIVE_ARCH = YES;
				SDKROOT = iphoneos;
				SWIFT_OPTIMIZATION_LEVEL = "-Onone";
			};
			name = Debug;
		};
		04E203A11B0E15EE00F77B5C /* Release */ = {
			isa = XCBuildConfiguration;
			buildSettings = {
				ALWAYS_SEARCH_USER_PATHS = NO;
				CLANG_CXX_LANGUAGE_STANDARD = "gnu++0x";
				CLANG_CXX_LIBRARY = "libc++";
				CLANG_ENABLE_MODULES = YES;
				CLANG_ENABLE_OBJC_ARC = YES;
				CLANG_WARN_BOOL_CONVERSION = YES;
				CLANG_WARN_CONSTANT_CONVERSION = YES;
				CLANG_WARN_DIRECT_OBJC_ISA_USAGE = YES_ERROR;
				CLANG_WARN_EMPTY_BODY = YES;
				CLANG_WARN_ENUM_CONVERSION = YES;
				CLANG_WARN_INT_CONVERSION = YES;
				CLANG_WARN_OBJC_ROOT_CLASS = YES_ERROR;
				CLANG_WARN_UNREACHABLE_CODE = YES;
				CLANG_WARN__DUPLICATE_METHOD_MATCH = YES;
				"CODE_SIGN_IDENTITY[sdk=iphoneos*]" = "iPhone Developer";
				COPY_PHASE_STRIP = NO;
				DEBUG_INFORMATION_FORMAT = "dwarf-with-dsym";
				ENABLE_NS_ASSERTIONS = NO;
				ENABLE_STRICT_OBJC_MSGSEND = YES;
				GCC_C_LANGUAGE_STANDARD = gnu99;
				GCC_NO_COMMON_BLOCKS = YES;
				GCC_WARN_64_TO_32_BIT_CONVERSION = YES;
				GCC_WARN_ABOUT_RETURN_TYPE = YES_ERROR;
				GCC_WARN_UNDECLARED_SELECTOR = YES;
				GCC_WARN_UNINITIALIZED_AUTOS = YES_AGGRESSIVE;
				GCC_WARN_UNUSED_FUNCTION = YES;
				GCC_WARN_UNUSED_VARIABLE = YES;
				IPHONEOS_DEPLOYMENT_TARGET = 8.3;
				MTL_ENABLE_DEBUG_INFO = NO;
				SDKROOT = iphoneos;
				VALIDATE_PRODUCT = YES;
			};
			name = Release;
		};
		04E203A31B0E15EE00F77B5C /* Debug */ = {
			isa = XCBuildConfiguration;
			buildSettings = {
				ASSETCATALOG_COMPILER_APPICON_NAME = AppIcon;
				FRAMEWORK_SEARCH_PATHS = (
					"$(inherited)",
					"$(PROJECT_DIR)",
				);
				INFOPLIST_FILE = MyWorld/Info.plist;
				LD_RUNPATH_SEARCH_PATHS = "$(inherited) @executable_path/Frameworks";
				PRODUCT_NAME = "$(TARGET_NAME)";
			};
			name = Debug;
		};
		04E203A41B0E15EE00F77B5C /* Release */ = {
			isa = XCBuildConfiguration;
			buildSettings = {
				ASSETCATALOG_COMPILER_APPICON_NAME = AppIcon;
				FRAMEWORK_SEARCH_PATHS = (
					"$(inherited)",
					"$(PROJECT_DIR)",
				);
				INFOPLIST_FILE = MyWorld/Info.plist;
				LD_RUNPATH_SEARCH_PATHS = "$(inherited) @executable_path/Frameworks";
				PRODUCT_NAME = "$(TARGET_NAME)";
			};
			name = Release;
		};
		04E203A61B0E15EE00F77B5C /* Debug */ = {
			isa = XCBuildConfiguration;
			buildSettings = {
				BUNDLE_LOADER = "$(TEST_HOST)";
				FRAMEWORK_SEARCH_PATHS = (
					"$(SDKROOT)/Developer/Library/Frameworks",
					"$(inherited)",
				);
				GCC_PREPROCESSOR_DEFINITIONS = (
					"DEBUG=1",
					"$(inherited)",
				);
				INFOPLIST_FILE = MyWorldTests/Info.plist;
				LD_RUNPATH_SEARCH_PATHS = "$(inherited) @executable_path/Frameworks @loader_path/Frameworks";
				PRODUCT_NAME = "$(TARGET_NAME)";
				TEST_HOST = "$(BUILT_PRODUCTS_DIR)/MyWorld.app/MyWorld";
			};
			name = Debug;
		};
		04E203A71B0E15EE00F77B5C /* Release */ = {
			isa = XCBuildConfiguration;
			buildSettings = {
				BUNDLE_LOADER = "$(TEST_HOST)";
				FRAMEWORK_SEARCH_PATHS = (
					"$(SDKROOT)/Developer/Library/Frameworks",
					"$(inherited)",
				);
				INFOPLIST_FILE = MyWorldTests/Info.plist;
				LD_RUNPATH_SEARCH_PATHS = "$(inherited) @executable_path/Frameworks @loader_path/Frameworks";
				PRODUCT_NAME = "$(TARGET_NAME)";
				TEST_HOST = "$(BUILT_PRODUCTS_DIR)/MyWorld.app/MyWorld";
			};
			name = Release;
		};
/* End XCBuildConfiguration section */

/* Begin XCConfigurationList section */
		04E2037E1B0E15ED00F77B5C /* Build configuration list for PBXProject "MyWorld" */ = {
			isa = XCConfigurationList;
			buildConfigurations = (
				04E203A01B0E15EE00F77B5C /* Debug */,
				04E203A11B0E15EE00F77B5C /* Release */,
			);
			defaultConfigurationIsVisible = 0;
			defaultConfigurationName = Release;
		};
		04E203A21B0E15EE00F77B5C /* Build configuration list for PBXNativeTarget "MyWorld" */ = {
			isa = XCConfigurationList;
			buildConfigurations = (
				04E203A31B0E15EE00F77B5C /* Debug */,
				04E203A41B0E15EE00F77B5C /* Release */,
			);
			defaultConfigurationIsVisible = 0;
			defaultConfigurationName = Release;
		};
		04E203A51B0E15EE00F77B5C /* Build configuration list for PBXNativeTarget "MyWorldTests" */ = {
			isa = XCConfigurationList;
			buildConfigurations = (
				04E203A61B0E15EE00F77B5C /* Debug */,
				04E203A71B0E15EE00F77B5C /* Release */,
			);
			defaultConfigurationIsVisible = 0;
			defaultConfigurationName = Release;
		};
/* End XCConfigurationList section */
	};
	rootObject = 04E2037B1B0E15ED00F77B5C /* Project object */;
}
